
Microsoft Visual Studio Solution File, Format Version 12.00
# Visual Studio Version 17
VisualStudioVersion = 17.6.33829.357
MinimumVisualStudioVersion = 10.0.40219.1
Project("{8BC9CEB8-8B4A-11D0-8D11-00A0C91BC942}") = "Bai001", "Bai001\Bai001.vcxproj", "{BD4C2016-00BD-48E4-95B9-9CBC39A08F31}"
EndProject
Project("{8BC9CEB8-8B4A-11D0-8D11-00A0C91BC942}") = "Bai002", "Bai002\Bai002.vcxproj", "{BCF956C1-1A6A-4BCA-83C0-479633B38BB7}"
EndProject
Project("{8BC9CEB8-8B4A-11D0-8D11-00A0C91BC942}") = "Bai003", "Bai003\Bai003.vcxproj", "{101C189D-6438-4100-846F-4E4493D84847}"
EndProject
Project("{8BC9CEB8-8B4A-11D0-8D11-00A0C91BC942}") = "Bai004", "Bai004\Bai004.vcxproj", "{764560CC-E505-4112-AB80-E44676107CDD}"
EndProject
Project("{8BC9CEB8-8B4A-11D0-8D11-00A0C91BC942}") = "Bai005", "Bai005\Bai005.vcxproj", "{9D2FE2A3-78AA-4F5A-BE2F-ACC0AA6707C0}"
EndProject
Project("{8BC9CEB8-8B4A-11D0-8D11-00A0C91BC942}") = "Bai006", "Bai006\Bai006.vcxproj", "{9703034D-EE6F-4721-BFB0-A12FCEA8F623}"
EndProject
Project("{8BC9CEB8-8B4A-11D0-8D11-00A0C91BC942}") = "Bai007", "Bai007\Bai007.vcxproj", "{1D240C16-1ECA-4435-946A-732283623D22}"
EndProject
Project("{8BC9CEB8-8B4A-11D0-8D11-00A0C91BC942}") = "Bai008", "Bai008\Bai008.vcxproj", "{C3CE5365-4F32-4828-BF8C-2B3F837F1615}"
EndProject
Project("{8BC9CEB8-8B4A-11D0-8D11-00A0C91BC942}") = "Bai009", "Bai009\Bai009.vcxproj", "{DD5CD944-74D4-4054-9B06-117B80906C54}"
EndProject
Project("{8BC9CEB8-8B4A-11D0-8D11-00A0C91BC942}") = "Bai010", "Bai010\Bai010.vcxproj", "{1CC523C5-18FA-4813-91E2-C7F94192A34B}"
EndProject
Project("{8BC9CEB8-8B4A-11D0-8D11-00A0C91BC942}") = "Bai011", "Bai011\Bai011.vcxproj", "{AEFF5531-C0CD-4897-AF31-BDE264497B70}"
EndProject
Project("{8BC9CEB8-8B4A-11D0-8D11-00A0C91BC942}") = "Bai012", "Bai012\Bai012.vcxproj", "{014472DF-57B3-4541-8004-989FB3EC8837}"
EndProject
Project("{8BC9CEB8-8B4A-11D0-8D11-00A0C91BC942}") = "Bai013", "Bai013\Bai013.vcxproj", "{1E73F704-7FE9-4552-8B13-E857B0E1117A}"
EndProject
Project("{8BC9CEB8-8B4A-11D0-8D11-00A0C91BC942}") = "Bai014", "Bai014\Bai014.vcxproj", "{B7805B8D-DED5-48E8-B39B-9E3207145CFE}"
EndProject
Project("{8BC9CEB8-8B4A-11D0-8D11-00A0C91BC942}") = "Bai015", "Bai015\Bai015.vcxproj", "{42AECB0A-FE92-414F-B792-AC12DCEC157D}"
EndProject
Project("{8BC9CEB8-8B4A-11D0-8D11-00A0C91BC942}") = "Bai016", "Bai016\Bai016.vcxproj", "{CBE51BEF-1BA5-49C2-AAF4-2D01AA5EDE66}"
EndProject
Project("{8BC9CEB8-8B4A-11D0-8D11-00A0C91BC942}") = "Bai017", "Bai017\Bai017.vcxproj", "{2317231C-2176-4F51-B1CE-14636243608B}"
EndProject
Project("{8BC9CEB8-8B4A-11D0-8D11-00A0C91BC942}") = "Bai018", "Bai018\Bai018.vcxproj", "{40F2B8BD-8F05-42B8-B375-A88A795FC59B}"
EndProject
Project("{8BC9CEB8-8B4A-11D0-8D11-00A0C91BC942}") = "Bai019", "Bai019\Bai019.vcxproj", "{8CE59F76-0B86-493D-A478-596988F68097}"
EndProject
Project("{8BC9CEB8-8B4A-11D0-8D11-00A0C91BC942}") = "Bai020", "Bai020\Bai020.vcxproj", "{13595CAB-11BD-4324-91F0-1BBC4F134573}"
EndProject
Project("{8BC9CEB8-8B4A-11D0-8D11-00A0C91BC942}") = "Bai021", "Bai021\Bai021.vcxproj", "{93BD57A8-D866-4CA1-9A6E-199F076DE47C}"
EndProject
Project("{8BC9CEB8-8B4A-11D0-8D11-00A0C91BC942}") = "Bai022", "Bai022\Bai022.vcxproj", "{6D1A5866-A56A-41D7-9795-859F46A44041}"
EndProject
Project("{8BC9CEB8-8B4A-11D0-8D11-00A0C91BC942}") = "Bai023", "Bai023\Bai023.vcxproj", "{14BC8E66-7EC5-43C2-9706-47F067F74171}"
EndProject
Project("{8BC9CEB8-8B4A-11D0-8D11-00A0C91BC942}") = "Bai024", "Bai024\Bai024.vcxproj", "{5DFC8016-651C-422D-B0AB-4741CC11FFCE}"
EndProject
Project("{8BC9CEB8-8B4A-11D0-8D11-00A0C91BC942}") = "Bai025", "Bai025\Bai025.vcxproj", "{F9A39871-E3AA-4409-9219-9CAA66A1A1E3}"
EndProject
Project("{8BC9CEB8-8B4A-11D0-8D11-00A0C91BC942}") = "Bai026", "Bai026\Bai026.vcxproj", "{4E88102D-53FE-494B-9890-DC6AAA456D6F}"
EndProject
Project("{8BC9CEB8-8B4A-11D0-8D11-00A0C91BC942}") = "Bai027", "Bai027\Bai027.vcxproj", "{4CC52916-9641-4185-9FD8-7D0BBAE733EC}"
EndProject
Project("{8BC9CEB8-8B4A-11D0-8D11-00A0C91BC942}") = "Bai028", "Bai028\Bai028.vcxproj", "{C776D224-149C-44B7-89AE-05B5B57C8DD2}"
EndProject
Project("{8BC9CEB8-8B4A-11D0-8D11-00A0C91BC942}") = "Bai029", "Bai029\Bai029.vcxproj", "{194186AF-BC0A-46F5-A909-96D4CF2D88A6}"
EndProject
Project("{8BC9CEB8-8B4A-11D0-8D11-00A0C91BC942}") = "Bai030", "Bai030\Bai030.vcxproj", "{0B5EAFE7-5F9C-43D4-AD71-63261DBBC5E5}"
EndProject
Project("{8BC9CEB8-8B4A-11D0-8D11-00A0C91BC942}") = "Bai031", "Bai031\Bai031.vcxproj", "{99B5C803-A6DB-403B-9D69-BFC621599F21}"
EndProject
Project("{8BC9CEB8-8B4A-11D0-8D11-00A0C91BC942}") = "Bai032", "Bai032\Bai032.vcxproj", "{304EA9F7-EF2C-4060-8747-D78D06B312E9}"
EndProject
Project("{8BC9CEB8-8B4A-11D0-8D11-00A0C91BC942}") = "Bai033", "Bai033\Bai033.vcxproj", "{04E4FA0F-ACF2-42E0-8B50-BE87FDF9AA24}"
EndProject
Project("{8BC9CEB8-8B4A-11D0-8D11-00A0C91BC942}") = "Bai034", "Bai034\Bai034.vcxproj", "{790FF441-4F5C-4BB3-B554-D5B2702F4F22}"
EndProject
Project("{8BC9CEB8-8B4A-11D0-8D11-00A0C91BC942}") = "Bai035", "Bai035\Bai035.vcxproj", "{FF22F90B-1A49-4049-A0DC-7F4B68E77B5C}"
EndProject
Project("{8BC9CEB8-8B4A-11D0-8D11-00A0C91BC942}") = "Bai036", "Bai036\Bai036.vcxproj", "{2ABA8BE9-6D19-459A-BCF0-E125B26DB409}"
EndProject
Project("{8BC9CEB8-8B4A-11D0-8D11-00A0C91BC942}") = "Bai037", "Bai037\Bai037.vcxproj", "{88CC4B2E-42E1-4D91-A08B-4A04D417803A}"
EndProject
Project("{8BC9CEB8-8B4A-11D0-8D11-00A0C91BC942}") = "Bai038", "Bai038\Bai038.vcxproj", "{8EF377BB-EA52-412A-B1D6-CCAEA1118A6A}"
EndProject
Project("{8BC9CEB8-8B4A-11D0-8D11-00A0C91BC942}") = "Bai039", "Bai039\Bai039.vcxproj", "{52B15CE0-D210-47F6-9FD2-F3BCCAE6650B}"
EndProject
Project("{8BC9CEB8-8B4A-11D0-8D11-00A0C91BC942}") = "Bai040", "Bai040\Bai040.vcxproj", "{DFFD414B-CE9B-4D31-B306-172446EDB1B9}"
EndProject
Project("{8BC9CEB8-8B4A-11D0-8D11-00A0C91BC942}") = "Bai041", "Bai041\Bai041.vcxproj", "{43C71BD2-B3CD-4AF3-83CD-7E51A889FF02}"
EndProject
Project("{8BC9CEB8-8B4A-11D0-8D11-00A0C91BC942}") = "Bai042", "Bai042\Bai042.vcxproj", "{0C182308-A4B3-40A2-9E29-F4D1CEAFD60F}"
EndProject
Project("{8BC9CEB8-8B4A-11D0-8D11-00A0C91BC942}") = "Bai043", "Bai043\Bai043.vcxproj", "{E82D9EE1-8A34-4DFD-83AD-B004EBEE4E5B}"
EndProject
Project("{8BC9CEB8-8B4A-11D0-8D11-00A0C91BC942}") = "Bai044", "Bai044\Bai044.vcxproj", "{4D069D24-A77E-4DDF-8ABC-991B64A37903}"
EndProject
Project("{8BC9CEB8-8B4A-11D0-8D11-00A0C91BC942}") = "Bai045", "Bai045\Bai045.vcxproj", "{2138FBC8-D9C7-4A36-98C0-7910D33736BB}"
EndProject
Project("{8BC9CEB8-8B4A-11D0-8D11-00A0C91BC942}") = "Bai046", "Bai046\Bai046.vcxproj", "{3FFB92E4-2316-4C7B-9DC0-4CD7ADD67AD9}"
EndProject
Project("{8BC9CEB8-8B4A-11D0-8D11-00A0C91BC942}") = "Bai047", "Bai047\Bai047.vcxproj", "{B278054C-BEB1-4563-BEE8-907AAF51A14E}"
EndProject
Project("{8BC9CEB8-8B4A-11D0-8D11-00A0C91BC942}") = "Bai048", "Bai048\Bai048.vcxproj", "{F4EB5521-FC58-4C6B-8CE9-7DF30F908BB8}"
EndProject
Project("{8BC9CEB8-8B4A-11D0-8D11-00A0C91BC942}") = "Bai049", "Bai049\Bai049.vcxproj", "{AA492F64-5C08-419B-BD49-50947847F264}"
EndProject
Project("{8BC9CEB8-8B4A-11D0-8D11-00A0C91BC942}") = "Bai050", "Bai050\Bai050.vcxproj", "{4D4C2534-505D-4568-B8CF-415C9FB4B563}"
EndProject
Project("{8BC9CEB8-8B4A-11D0-8D11-00A0C91BC942}") = "Bai051", "Bai051\Bai051.vcxproj", "{55F9ABB0-DA8E-404F-ABC1-0EC8A601DB0B}"
EndProject
Project("{8BC9CEB8-8B4A-11D0-8D11-00A0C91BC942}") = "Bai052", "Bai052\Bai052.vcxproj", "{9CE5DDD8-CA55-4277-AF20-AD8A0786D254}"
EndProject
Project("{8BC9CEB8-8B4A-11D0-8D11-00A0C91BC942}") = "Bai053", "Bai053\Bai053.vcxproj", "{E81CA8A6-E11D-4DC2-909A-6C50E9DA9857}"
EndProject
Project("{8BC9CEB8-8B4A-11D0-8D11-00A0C91BC942}") = "Bai054", "Bai054\Bai054.vcxproj", "{D692ED55-1368-43B5-AD2B-5C42FEC89CF7}"
EndProject
Project("{8BC9CEB8-8B4A-11D0-8D11-00A0C91BC942}") = "Bai055", "Bai055\Bai055.vcxproj", "{D182DFC7-0632-4E79-B504-D53535F03186}"
EndProject
Project("{8BC9CEB8-8B4A-11D0-8D11-00A0C91BC942}") = "Bai056", "Bai056\Bai056.vcxproj", "{9CEA474D-C9FD-402E-A2DD-6C302A261720}"
EndProject
Project("{8BC9CEB8-8B4A-11D0-8D11-00A0C91BC942}") = "Bai057", "Bai057\Bai057.vcxproj", "{3125D2AB-1BB7-4984-A407-1918F8B41D2F}"
EndProject
Project("{8BC9CEB8-8B4A-11D0-8D11-00A0C91BC942}") = "Bai058", "Bai058\Bai058.vcxproj", "{A63BAE46-6365-4EE4-A2B3-45F4B0A5A7DA}"
EndProject
Project("{8BC9CEB8-8B4A-11D0-8D11-00A0C91BC942}") = "Bai059", "Bai059\Bai059.vcxproj", "{2318BEA2-E1CB-496B-BCA4-510306484644}"
EndProject
Project("{8BC9CEB8-8B4A-11D0-8D11-00A0C91BC942}") = "Bai060", "Bai060\Bai060.vcxproj", "{C72C5CB9-7F18-41AD-AE23-4C21B632D29A}"
EndProject
Project("{8BC9CEB8-8B4A-11D0-8D11-00A0C91BC942}") = "Bai061", "Bai061\Bai061.vcxproj", "{CB36D134-7EC0-4940-B296-118EADD4BF1D}"
EndProject
Project("{8BC9CEB8-8B4A-11D0-8D11-00A0C91BC942}") = "Bai062", "Bai062\Bai062.vcxproj", "{2BF8AA7E-1AE8-46EF-96CD-5338FF7579BA}"
EndProject
Project("{8BC9CEB8-8B4A-11D0-8D11-00A0C91BC942}") = "Bai063", "Bai063\Bai063.vcxproj", "{B57CF83B-B032-44E9-A172-8FE85803211A}"
EndProject
Project("{8BC9CEB8-8B4A-11D0-8D11-00A0C91BC942}") = "Bai064", "Bai064\Bai064.vcxproj", "{A8DEDB4D-4662-40DE-8819-6604A4D22680}"
EndProject
Project("{8BC9CEB8-8B4A-11D0-8D11-00A0C91BC942}") = "Bai065", "Bai065\Bai065.vcxproj", "{0C1A92BD-E13A-47A7-9A5C-EFED1C256888}"
EndProject
Project("{8BC9CEB8-8B4A-11D0-8D11-00A0C91BC942}") = "Bai066", "Bai066\Bai066.vcxproj", "{CE1A786B-30E5-40F5-84F2-2BBC291A0360}"
EndProject
Project("{8BC9CEB8-8B4A-11D0-8D11-00A0C91BC942}") = "Bai067", "Bai067\Bai067.vcxproj", "{EE64A8CD-93D7-44D1-AF0E-0C59B57D42B0}"
EndProject
Project("{8BC9CEB8-8B4A-11D0-8D11-00A0C91BC942}") = "Bai068", "Bai068\Bai068.vcxproj", "{8232BBEA-29C8-48E6-B860-C4A46BB6004A}"
EndProject
Project("{8BC9CEB8-8B4A-11D0-8D11-00A0C91BC942}") = "Bai069", "Bai069\Bai069.vcxproj", "{7846A3A0-C1A9-41CD-9517-3CE5767C2D2C}"
EndProject
Project("{8BC9CEB8-8B4A-11D0-8D11-00A0C91BC942}") = "Bai070", "Bai070\Bai070.vcxproj", "{665CE791-DD69-41F9-ABC4-2C66CDB77553}"
EndProject
Project("{8BC9CEB8-8B4A-11D0-8D11-00A0C91BC942}") = "Bai071", "Bai071\Bai071.vcxproj", "{29151A0C-3824-48CA-95BC-F6AE1A781159}"
EndProject
Project("{8BC9CEB8-8B4A-11D0-8D11-00A0C91BC942}") = "Bai072", "Bai072\Bai072.vcxproj", "{A35F00A2-7534-46A7-A605-F53DC58A1868}"
EndProject
Project("{8BC9CEB8-8B4A-11D0-8D11-00A0C91BC942}") = "Bai073", "Bai073\Bai073.vcxproj", "{88C2DCA5-04FA-45EC-9901-E54DB7BE64C5}"
EndProject
Global
	GlobalSection(SolutionConfigurationPlatforms) = preSolution
		Debug|x64 = Debug|x64
		Debug|x86 = Debug|x86
		Release|x64 = Release|x64
		Release|x86 = Release|x86
	EndGlobalSection
	GlobalSection(ProjectConfigurationPlatforms) = postSolution
		{BD4C2016-00BD-48E4-95B9-9CBC39A08F31}.Debug|x64.ActiveCfg = Debug|x64
		{BD4C2016-00BD-48E4-95B9-9CBC39A08F31}.Debug|x64.Build.0 = Debug|x64
		{BD4C2016-00BD-48E4-95B9-9CBC39A08F31}.Debug|x86.ActiveCfg = Debug|Win32
		{BD4C2016-00BD-48E4-95B9-9CBC39A08F31}.Debug|x86.Build.0 = Debug|Win32
		{BD4C2016-00BD-48E4-95B9-9CBC39A08F31}.Release|x64.ActiveCfg = Release|x64
		{BD4C2016-00BD-48E4-95B9-9CBC39A08F31}.Release|x64.Build.0 = Release|x64
		{BD4C2016-00BD-48E4-95B9-9CBC39A08F31}.Release|x86.ActiveCfg = Release|Win32
		{BD4C2016-00BD-48E4-95B9-9CBC39A08F31}.Release|x86.Build.0 = Release|Win32
		{BCF956C1-1A6A-4BCA-83C0-479633B38BB7}.Debug|x64.ActiveCfg = Debug|x64
		{BCF956C1-1A6A-4BCA-83C0-479633B38BB7}.Debug|x64.Build.0 = Debug|x64
		{BCF956C1-1A6A-4BCA-83C0-479633B38BB7}.Debug|x86.ActiveCfg = Debug|Win32
		{BCF956C1-1A6A-4BCA-83C0-479633B38BB7}.Debug|x86.Build.0 = Debug|Win32
		{BCF956C1-1A6A-4BCA-83C0-479633B38BB7}.Release|x64.ActiveCfg = Release|x64
		{BCF956C1-1A6A-4BCA-83C0-479633B38BB7}.Release|x64.Build.0 = Release|x64
		{BCF956C1-1A6A-4BCA-83C0-479633B38BB7}.Release|x86.ActiveCfg = Release|Win32
		{BCF956C1-1A6A-4BCA-83C0-479633B38BB7}.Release|x86.Build.0 = Release|Win32
		{101C189D-6438-4100-846F-4E4493D84847}.Debug|x64.ActiveCfg = Debug|x64
		{101C189D-6438-4100-846F-4E4493D84847}.Debug|x64.Build.0 = Debug|x64
		{101C189D-6438-4100-846F-4E4493D84847}.Debug|x86.ActiveCfg = Debug|Win32
		{101C189D-6438-4100-846F-4E4493D84847}.Debug|x86.Build.0 = Debug|Win32
		{101C189D-6438-4100-846F-4E4493D84847}.Release|x64.ActiveCfg = Release|x64
		{101C189D-6438-4100-846F-4E4493D84847}.Release|x64.Build.0 = Release|x64
		{101C189D-6438-4100-846F-4E4493D84847}.Release|x86.ActiveCfg = Release|Win32
		{101C189D-6438-4100-846F-4E4493D84847}.Release|x86.Build.0 = Release|Win32
		{764560CC-E505-4112-AB80-E44676107CDD}.Debug|x64.ActiveCfg = Debug|x64
		{764560CC-E505-4112-AB80-E44676107CDD}.Debug|x64.Build.0 = Debug|x64
		{764560CC-E505-4112-AB80-E44676107CDD}.Debug|x86.ActiveCfg = Debug|Win32
		{764560CC-E505-4112-AB80-E44676107CDD}.Debug|x86.Build.0 = Debug|Win32
		{764560CC-E505-4112-AB80-E44676107CDD}.Release|x64.ActiveCfg = Release|x64
		{764560CC-E505-4112-AB80-E44676107CDD}.Release|x64.Build.0 = Release|x64
		{764560CC-E505-4112-AB80-E44676107CDD}.Release|x86.ActiveCfg = Release|Win32
		{764560CC-E505-4112-AB80-E44676107CDD}.Release|x86.Build.0 = Release|Win32
		{9D2FE2A3-78AA-4F5A-BE2F-ACC0AA6707C0}.Debug|x64.ActiveCfg = Debug|x64
		{9D2FE2A3-78AA-4F5A-BE2F-ACC0AA6707C0}.Debug|x64.Build.0 = Debug|x64
		{9D2FE2A3-78AA-4F5A-BE2F-ACC0AA6707C0}.Debug|x86.ActiveCfg = Debug|Win32
		{9D2FE2A3-78AA-4F5A-BE2F-ACC0AA6707C0}.Debug|x86.Build.0 = Debug|Win32
		{9D2FE2A3-78AA-4F5A-BE2F-ACC0AA6707C0}.Release|x64.ActiveCfg = Release|x64
		{9D2FE2A3-78AA-4F5A-BE2F-ACC0AA6707C0}.Release|x64.Build.0 = Release|x64
		{9D2FE2A3-78AA-4F5A-BE2F-ACC0AA6707C0}.Release|x86.ActiveCfg = Release|Win32
		{9D2FE2A3-78AA-4F5A-BE2F-ACC0AA6707C0}.Release|x86.Build.0 = Release|Win32
		{9703034D-EE6F-4721-BFB0-A12FCEA8F623}.Debug|x64.ActiveCfg = Debug|x64
		{9703034D-EE6F-4721-BFB0-A12FCEA8F623}.Debug|x64.Build.0 = Debug|x64
		{9703034D-EE6F-4721-BFB0-A12FCEA8F623}.Debug|x86.ActiveCfg = Debug|Win32
		{9703034D-EE6F-4721-BFB0-A12FCEA8F623}.Debug|x86.Build.0 = Debug|Win32
		{9703034D-EE6F-4721-BFB0-A12FCEA8F623}.Release|x64.ActiveCfg = Release|x64
		{9703034D-EE6F-4721-BFB0-A12FCEA8F623}.Release|x64.Build.0 = Release|x64
		{9703034D-EE6F-4721-BFB0-A12FCEA8F623}.Release|x86.ActiveCfg = Release|Win32
		{9703034D-EE6F-4721-BFB0-A12FCEA8F623}.Release|x86.Build.0 = Release|Win32
		{1D240C16-1ECA-4435-946A-732283623D22}.Debug|x64.ActiveCfg = Debug|x64
		{1D240C16-1ECA-4435-946A-732283623D22}.Debug|x64.Build.0 = Debug|x64
		{1D240C16-1ECA-4435-946A-732283623D22}.Debug|x86.ActiveCfg = Debug|Win32
		{1D240C16-1ECA-4435-946A-732283623D22}.Debug|x86.Build.0 = Debug|Win32
		{1D240C16-1ECA-4435-946A-732283623D22}.Release|x64.ActiveCfg = Release|x64
		{1D240C16-1ECA-4435-946A-732283623D22}.Release|x64.Build.0 = Release|x64
		{1D240C16-1ECA-4435-946A-732283623D22}.Release|x86.ActiveCfg = Release|Win32
		{1D240C16-1ECA-4435-946A-732283623D22}.Release|x86.Build.0 = Release|Win32
		{C3CE5365-4F32-4828-BF8C-2B3F837F1615}.Debug|x64.ActiveCfg = Debug|x64
		{C3CE5365-4F32-4828-BF8C-2B3F837F1615}.Debug|x64.Build.0 = Debug|x64
		{C3CE5365-4F32-4828-BF8C-2B3F837F1615}.Debug|x86.ActiveCfg = Debug|Win32
		{C3CE5365-4F32-4828-BF8C-2B3F837F1615}.Debug|x86.Build.0 = Debug|Win32
		{C3CE5365-4F32-4828-BF8C-2B3F837F1615}.Release|x64.ActiveCfg = Release|x64
		{C3CE5365-4F32-4828-BF8C-2B3F837F1615}.Release|x64.Build.0 = Release|x64
		{C3CE5365-4F32-4828-BF8C-2B3F837F1615}.Release|x86.ActiveCfg = Release|Win32
		{C3CE5365-4F32-4828-BF8C-2B3F837F1615}.Release|x86.Build.0 = Release|Win32
		{DD5CD944-74D4-4054-9B06-117B80906C54}.Debug|x64.ActiveCfg = Debug|x64
		{DD5CD944-74D4-4054-9B06-117B80906C54}.Debug|x64.Build.0 = Debug|x64
		{DD5CD944-74D4-4054-9B06-117B80906C54}.Debug|x86.ActiveCfg = Debug|Win32
		{DD5CD944-74D4-4054-9B06-117B80906C54}.Debug|x86.Build.0 = Debug|Win32
		{DD5CD944-74D4-4054-9B06-117B80906C54}.Release|x64.ActiveCfg = Release|x64
		{DD5CD944-74D4-4054-9B06-117B80906C54}.Release|x64.Build.0 = Release|x64
		{DD5CD944-74D4-4054-9B06-117B80906C54}.Release|x86.ActiveCfg = Release|Win32
		{DD5CD944-74D4-4054-9B06-117B80906C54}.Release|x86.Build.0 = Release|Win32
		{1CC523C5-18FA-4813-91E2-C7F94192A34B}.Debug|x64.ActiveCfg = Debug|x64
		{1CC523C5-18FA-4813-91E2-C7F94192A34B}.Debug|x64.Build.0 = Debug|x64
		{1CC523C5-18FA-4813-91E2-C7F94192A34B}.Debug|x86.ActiveCfg = Debug|Win32
		{1CC523C5-18FA-4813-91E2-C7F94192A34B}.Debug|x86.Build.0 = Debug|Win32
		{1CC523C5-18FA-4813-91E2-C7F94192A34B}.Release|x64.ActiveCfg = Release|x64
		{1CC523C5-18FA-4813-91E2-C7F94192A34B}.Release|x64.Build.0 = Release|x64
		{1CC523C5-18FA-4813-91E2-C7F94192A34B}.Release|x86.ActiveCfg = Release|Win32
		{1CC523C5-18FA-4813-91E2-C7F94192A34B}.Release|x86.Build.0 = Release|Win32
		{AEFF5531-C0CD-4897-AF31-BDE264497B70}.Debug|x64.ActiveCfg = Debug|x64
		{AEFF5531-C0CD-4897-AF31-BDE264497B70}.Debug|x64.Build.0 = Debug|x64
		{AEFF5531-C0CD-4897-AF31-BDE264497B70}.Debug|x86.ActiveCfg = Debug|Win32
		{AEFF5531-C0CD-4897-AF31-BDE264497B70}.Debug|x86.Build.0 = Debug|Win32
		{AEFF5531-C0CD-4897-AF31-BDE264497B70}.Release|x64.ActiveCfg = Release|x64
		{AEFF5531-C0CD-4897-AF31-BDE264497B70}.Release|x64.Build.0 = Release|x64
		{AEFF5531-C0CD-4897-AF31-BDE264497B70}.Release|x86.ActiveCfg = Release|Win32
		{AEFF5531-C0CD-4897-AF31-BDE264497B70}.Release|x86.Build.0 = Release|Win32
		{014472DF-57B3-4541-8004-989FB3EC8837}.Debug|x64.ActiveCfg = Debug|x64
		{014472DF-57B3-4541-8004-989FB3EC8837}.Debug|x64.Build.0 = Debug|x64
		{014472DF-57B3-4541-8004-989FB3EC8837}.Debug|x86.ActiveCfg = Debug|Win32
		{014472DF-57B3-4541-8004-989FB3EC8837}.Debug|x86.Build.0 = Debug|Win32
		{014472DF-57B3-4541-8004-989FB3EC8837}.Release|x64.ActiveCfg = Release|x64
		{014472DF-57B3-4541-8004-989FB3EC8837}.Release|x64.Build.0 = Release|x64
		{014472DF-57B3-4541-8004-989FB3EC8837}.Release|x86.ActiveCfg = Release|Win32
		{014472DF-57B3-4541-8004-989FB3EC8837}.Release|x86.Build.0 = Release|Win32
		{1E73F704-7FE9-4552-8B13-E857B0E1117A}.Debug|x64.ActiveCfg = Debug|x64
		{1E73F704-7FE9-4552-8B13-E857B0E1117A}.Debug|x64.Build.0 = Debug|x64
		{1E73F704-7FE9-4552-8B13-E857B0E1117A}.Debug|x86.ActiveCfg = Debug|Win32
		{1E73F704-7FE9-4552-8B13-E857B0E1117A}.Debug|x86.Build.0 = Debug|Win32
		{1E73F704-7FE9-4552-8B13-E857B0E1117A}.Release|x64.ActiveCfg = Release|x64
		{1E73F704-7FE9-4552-8B13-E857B0E1117A}.Release|x64.Build.0 = Release|x64
		{1E73F704-7FE9-4552-8B13-E857B0E1117A}.Release|x86.ActiveCfg = Release|Win32
		{1E73F704-7FE9-4552-8B13-E857B0E1117A}.Release|x86.Build.0 = Release|Win32
		{B7805B8D-DED5-48E8-B39B-9E3207145CFE}.Debug|x64.ActiveCfg = Debug|x64
		{B7805B8D-DED5-48E8-B39B-9E3207145CFE}.Debug|x64.Build.0 = Debug|x64
		{B7805B8D-DED5-48E8-B39B-9E3207145CFE}.Debug|x86.ActiveCfg = Debug|Win32
		{B7805B8D-DED5-48E8-B39B-9E3207145CFE}.Debug|x86.Build.0 = Debug|Win32
		{B7805B8D-DED5-48E8-B39B-9E3207145CFE}.Release|x64.ActiveCfg = Release|x64
		{B7805B8D-DED5-48E8-B39B-9E3207145CFE}.Release|x64.Build.0 = Release|x64
		{B7805B8D-DED5-48E8-B39B-9E3207145CFE}.Release|x86.ActiveCfg = Release|Win32
		{B7805B8D-DED5-48E8-B39B-9E3207145CFE}.Release|x86.Build.0 = Release|Win32
		{42AECB0A-FE92-414F-B792-AC12DCEC157D}.Debug|x64.ActiveCfg = Debug|x64
		{42AECB0A-FE92-414F-B792-AC12DCEC157D}.Debug|x64.Build.0 = Debug|x64
		{42AECB0A-FE92-414F-B792-AC12DCEC157D}.Debug|x86.ActiveCfg = Debug|Win32
		{42AECB0A-FE92-414F-B792-AC12DCEC157D}.Debug|x86.Build.0 = Debug|Win32
		{42AECB0A-FE92-414F-B792-AC12DCEC157D}.Release|x64.ActiveCfg = Release|x64
		{42AECB0A-FE92-414F-B792-AC12DCEC157D}.Release|x64.Build.0 = Release|x64
		{42AECB0A-FE92-414F-B792-AC12DCEC157D}.Release|x86.ActiveCfg = Release|Win32
		{42AECB0A-FE92-414F-B792-AC12DCEC157D}.Release|x86.Build.0 = Release|Win32
		{CBE51BEF-1BA5-49C2-AAF4-2D01AA5EDE66}.Debug|x64.ActiveCfg = Debug|x64
		{CBE51BEF-1BA5-49C2-AAF4-2D01AA5EDE66}.Debug|x64.Build.0 = Debug|x64
		{CBE51BEF-1BA5-49C2-AAF4-2D01AA5EDE66}.Debug|x86.ActiveCfg = Debug|Win32
		{CBE51BEF-1BA5-49C2-AAF4-2D01AA5EDE66}.Debug|x86.Build.0 = Debug|Win32
		{CBE51BEF-1BA5-49C2-AAF4-2D01AA5EDE66}.Release|x64.ActiveCfg = Release|x64
		{CBE51BEF-1BA5-49C2-AAF4-2D01AA5EDE66}.Release|x64.Build.0 = Release|x64
		{CBE51BEF-1BA5-49C2-AAF4-2D01AA5EDE66}.Release|x86.ActiveCfg = Release|Win32
		{CBE51BEF-1BA5-49C2-AAF4-2D01AA5EDE66}.Release|x86.Build.0 = Release|Win32
		{2317231C-2176-4F51-B1CE-14636243608B}.Debug|x64.ActiveCfg = Debug|x64
		{2317231C-2176-4F51-B1CE-14636243608B}.Debug|x64.Build.0 = Debug|x64
		{2317231C-2176-4F51-B1CE-14636243608B}.Debug|x86.ActiveCfg = Debug|Win32
		{2317231C-2176-4F51-B1CE-14636243608B}.Debug|x86.Build.0 = Debug|Win32
		{2317231C-2176-4F51-B1CE-14636243608B}.Release|x64.ActiveCfg = Release|x64
		{2317231C-2176-4F51-B1CE-14636243608B}.Release|x64.Build.0 = Release|x64
		{2317231C-2176-4F51-B1CE-14636243608B}.Release|x86.ActiveCfg = Release|Win32
		{2317231C-2176-4F51-B1CE-14636243608B}.Release|x86.Build.0 = Release|Win32
		{40F2B8BD-8F05-42B8-B375-A88A795FC59B}.Debug|x64.ActiveCfg = Debug|x64
		{40F2B8BD-8F05-42B8-B375-A88A795FC59B}.Debug|x64.Build.0 = Debug|x64
		{40F2B8BD-8F05-42B8-B375-A88A795FC59B}.Debug|x86.ActiveCfg = Debug|Win32
		{40F2B8BD-8F05-42B8-B375-A88A795FC59B}.Debug|x86.Build.0 = Debug|Win32
		{40F2B8BD-8F05-42B8-B375-A88A795FC59B}.Release|x64.ActiveCfg = Release|x64
		{40F2B8BD-8F05-42B8-B375-A88A795FC59B}.Release|x64.Build.0 = Release|x64
		{40F2B8BD-8F05-42B8-B375-A88A795FC59B}.Release|x86.ActiveCfg = Release|Win32
		{40F2B8BD-8F05-42B8-B375-A88A795FC59B}.Release|x86.Build.0 = Release|Win32
		{8CE59F76-0B86-493D-A478-596988F68097}.Debug|x64.ActiveCfg = Debug|x64
		{8CE59F76-0B86-493D-A478-596988F68097}.Debug|x64.Build.0 = Debug|x64
		{8CE59F76-0B86-493D-A478-596988F68097}.Debug|x86.ActiveCfg = Debug|Win32
		{8CE59F76-0B86-493D-A478-596988F68097}.Debug|x86.Build.0 = Debug|Win32
		{8CE59F76-0B86-493D-A478-596988F68097}.Release|x64.ActiveCfg = Release|x64
		{8CE59F76-0B86-493D-A478-596988F68097}.Release|x64.Build.0 = Release|x64
		{8CE59F76-0B86-493D-A478-596988F68097}.Release|x86.ActiveCfg = Release|Win32
		{8CE59F76-0B86-493D-A478-596988F68097}.Release|x86.Build.0 = Release|Win32
		{13595CAB-11BD-4324-91F0-1BBC4F134573}.Debug|x64.ActiveCfg = Debug|x64
		{13595CAB-11BD-4324-91F0-1BBC4F134573}.Debug|x64.Build.0 = Debug|x64
		{13595CAB-11BD-4324-91F0-1BBC4F134573}.Debug|x86.ActiveCfg = Debug|Win32
		{13595CAB-11BD-4324-91F0-1BBC4F134573}.Debug|x86.Build.0 = Debug|Win32
		{13595CAB-11BD-4324-91F0-1BBC4F134573}.Release|x64.ActiveCfg = Release|x64
		{13595CAB-11BD-4324-91F0-1BBC4F134573}.Release|x64.Build.0 = Release|x64
		{13595CAB-11BD-4324-91F0-1BBC4F134573}.Release|x86.ActiveCfg = Release|Win32
		{13595CAB-11BD-4324-91F0-1BBC4F134573}.Release|x86.Build.0 = Release|Win32
		{93BD57A8-D866-4CA1-9A6E-199F076DE47C}.Debug|x64.ActiveCfg = Debug|x64
		{93BD57A8-D866-4CA1-9A6E-199F076DE47C}.Debug|x64.Build.0 = Debug|x64
		{93BD57A8-D866-4CA1-9A6E-199F076DE47C}.Debug|x86.ActiveCfg = Debug|Win32
		{93BD57A8-D866-4CA1-9A6E-199F076DE47C}.Debug|x86.Build.0 = Debug|Win32
		{93BD57A8-D866-4CA1-9A6E-199F076DE47C}.Release|x64.ActiveCfg = Release|x64
		{93BD57A8-D866-4CA1-9A6E-199F076DE47C}.Release|x64.Build.0 = Release|x64
		{93BD57A8-D866-4CA1-9A6E-199F076DE47C}.Release|x86.ActiveCfg = Release|Win32
		{93BD57A8-D866-4CA1-9A6E-199F076DE47C}.Release|x86.Build.0 = Release|Win32
		{6D1A5866-A56A-41D7-9795-859F46A44041}.Debug|x64.ActiveCfg = Debug|x64
		{6D1A5866-A56A-41D7-9795-859F46A44041}.Debug|x64.Build.0 = Debug|x64
		{6D1A5866-A56A-41D7-9795-859F46A44041}.Debug|x86.ActiveCfg = Debug|Win32
		{6D1A5866-A56A-41D7-9795-859F46A44041}.Debug|x86.Build.0 = Debug|Win32
		{6D1A5866-A56A-41D7-9795-859F46A44041}.Release|x64.ActiveCfg = Release|x64
		{6D1A5866-A56A-41D7-9795-859F46A44041}.Release|x64.Build.0 = Release|x64
		{6D1A5866-A56A-41D7-9795-859F46A44041}.Release|x86.ActiveCfg = Release|Win32
		{6D1A5866-A56A-41D7-9795-859F46A44041}.Release|x86.Build.0 = Release|Win32
		{14BC8E66-7EC5-43C2-9706-47F067F74171}.Debug|x64.ActiveCfg = Debug|x64
		{14BC8E66-7EC5-43C2-9706-47F067F74171}.Debug|x64.Build.0 = Debug|x64
		{14BC8E66-7EC5-43C2-9706-47F067F74171}.Debug|x86.ActiveCfg = Debug|Win32
		{14BC8E66-7EC5-43C2-9706-47F067F74171}.Debug|x86.Build.0 = Debug|Win32
		{14BC8E66-7EC5-43C2-9706-47F067F74171}.Release|x64.ActiveCfg = Release|x64
		{14BC8E66-7EC5-43C2-9706-47F067F74171}.Release|x64.Build.0 = Release|x64
		{14BC8E66-7EC5-43C2-9706-47F067F74171}.Release|x86.ActiveCfg = Release|Win32
		{14BC8E66-7EC5-43C2-9706-47F067F74171}.Release|x86.Build.0 = Release|Win32
		{5DFC8016-651C-422D-B0AB-4741CC11FFCE}.Debug|x64.ActiveCfg = Debug|x64
		{5DFC8016-651C-422D-B0AB-4741CC11FFCE}.Debug|x64.Build.0 = Debug|x64
		{5DFC8016-651C-422D-B0AB-4741CC11FFCE}.Debug|x86.ActiveCfg = Debug|Win32
		{5DFC8016-651C-422D-B0AB-4741CC11FFCE}.Debug|x86.Build.0 = Debug|Win32
		{5DFC8016-651C-422D-B0AB-4741CC11FFCE}.Release|x64.ActiveCfg = Release|x64
		{5DFC8016-651C-422D-B0AB-4741CC11FFCE}.Release|x64.Build.0 = Release|x64
		{5DFC8016-651C-422D-B0AB-4741CC11FFCE}.Release|x86.ActiveCfg = Release|Win32
		{5DFC8016-651C-422D-B0AB-4741CC11FFCE}.Release|x86.Build.0 = Release|Win32
		{F9A39871-E3AA-4409-9219-9CAA66A1A1E3}.Debug|x64.ActiveCfg = Debug|x64
		{F9A39871-E3AA-4409-9219-9CAA66A1A1E3}.Debug|x64.Build.0 = Debug|x64
		{F9A39871-E3AA-4409-9219-9CAA66A1A1E3}.Debug|x86.ActiveCfg = Debug|Win32
		{F9A39871-E3AA-4409-9219-9CAA66A1A1E3}.Debug|x86.Build.0 = Debug|Win32
		{F9A39871-E3AA-4409-9219-9CAA66A1A1E3}.Release|x64.ActiveCfg = Release|x64
		{F9A39871-E3AA-4409-9219-9CAA66A1A1E3}.Release|x64.Build.0 = Release|x64
		{F9A39871-E3AA-4409-9219-9CAA66A1A1E3}.Release|x86.ActiveCfg = Release|Win32
		{F9A39871-E3AA-4409-9219-9CAA66A1A1E3}.Release|x86.Build.0 = Release|Win32
		{4E88102D-53FE-494B-9890-DC6AAA456D6F}.Debug|x64.ActiveCfg = Debug|x64
		{4E88102D-53FE-494B-9890-DC6AAA456D6F}.Debug|x64.Build.0 = Debug|x64
		{4E88102D-53FE-494B-9890-DC6AAA456D6F}.Debug|x86.ActiveCfg = Debug|Win32
		{4E88102D-53FE-494B-9890-DC6AAA456D6F}.Debug|x86.Build.0 = Debug|Win32
		{4E88102D-53FE-494B-9890-DC6AAA456D6F}.Release|x64.ActiveCfg = Release|x64
		{4E88102D-53FE-494B-9890-DC6AAA456D6F}.Release|x64.Build.0 = Release|x64
		{4E88102D-53FE-494B-9890-DC6AAA456D6F}.Release|x86.ActiveCfg = Release|Win32
		{4E88102D-53FE-494B-9890-DC6AAA456D6F}.Release|x86.Build.0 = Release|Win32
		{4CC52916-9641-4185-9FD8-7D0BBAE733EC}.Debug|x64.ActiveCfg = Debug|x64
		{4CC52916-9641-4185-9FD8-7D0BBAE733EC}.Debug|x64.Build.0 = Debug|x64
		{4CC52916-9641-4185-9FD8-7D0BBAE733EC}.Debug|x86.ActiveCfg = Debug|Win32
		{4CC52916-9641-4185-9FD8-7D0BBAE733EC}.Debug|x86.Build.0 = Debug|Win32
		{4CC52916-9641-4185-9FD8-7D0BBAE733EC}.Release|x64.ActiveCfg = Release|x64
		{4CC52916-9641-4185-9FD8-7D0BBAE733EC}.Release|x64.Build.0 = Release|x64
		{4CC52916-9641-4185-9FD8-7D0BBAE733EC}.Release|x86.ActiveCfg = Release|Win32
		{4CC52916-9641-4185-9FD8-7D0BBAE733EC}.Release|x86.Build.0 = Release|Win32
		{C776D224-149C-44B7-89AE-05B5B57C8DD2}.Debug|x64.ActiveCfg = Debug|x64
		{C776D224-149C-44B7-89AE-05B5B57C8DD2}.Debug|x64.Build.0 = Debug|x64
		{C776D224-149C-44B7-89AE-05B5B57C8DD2}.Debug|x86.ActiveCfg = Debug|Win32
		{C776D224-149C-44B7-89AE-05B5B57C8DD2}.Debug|x86.Build.0 = Debug|Win32
		{C776D224-149C-44B7-89AE-05B5B57C8DD2}.Release|x64.ActiveCfg = Release|x64
		{C776D224-149C-44B7-89AE-05B5B57C8DD2}.Release|x64.Build.0 = Release|x64
		{C776D224-149C-44B7-89AE-05B5B57C8DD2}.Release|x86.ActiveCfg = Release|Win32
		{C776D224-149C-44B7-89AE-05B5B57C8DD2}.Release|x86.Build.0 = Release|Win32
		{194186AF-BC0A-46F5-A909-96D4CF2D88A6}.Debug|x64.ActiveCfg = Debug|x64
		{194186AF-BC0A-46F5-A909-96D4CF2D88A6}.Debug|x64.Build.0 = Debug|x64
		{194186AF-BC0A-46F5-A909-96D4CF2D88A6}.Debug|x86.ActiveCfg = Debug|Win32
		{194186AF-BC0A-46F5-A909-96D4CF2D88A6}.Debug|x86.Build.0 = Debug|Win32
		{194186AF-BC0A-46F5-A909-96D4CF2D88A6}.Release|x64.ActiveCfg = Release|x64
		{194186AF-BC0A-46F5-A909-96D4CF2D88A6}.Release|x64.Build.0 = Release|x64
		{194186AF-BC0A-46F5-A909-96D4CF2D88A6}.Release|x86.ActiveCfg = Release|Win32
		{194186AF-BC0A-46F5-A909-96D4CF2D88A6}.Release|x86.Build.0 = Release|Win32
		{0B5EAFE7-5F9C-43D4-AD71-63261DBBC5E5}.Debug|x64.ActiveCfg = Debug|x64
		{0B5EAFE7-5F9C-43D4-AD71-63261DBBC5E5}.Debug|x64.Build.0 = Debug|x64
		{0B5EAFE7-5F9C-43D4-AD71-63261DBBC5E5}.Debug|x86.ActiveCfg = Debug|Win32
		{0B5EAFE7-5F9C-43D4-AD71-63261DBBC5E5}.Debug|x86.Build.0 = Debug|Win32
		{0B5EAFE7-5F9C-43D4-AD71-63261DBBC5E5}.Release|x64.ActiveCfg = Release|x64
		{0B5EAFE7-5F9C-43D4-AD71-63261DBBC5E5}.Release|x64.Build.0 = Release|x64
		{0B5EAFE7-5F9C-43D4-AD71-63261DBBC5E5}.Release|x86.ActiveCfg = Release|Win32
		{0B5EAFE7-5F9C-43D4-AD71-63261DBBC5E5}.Release|x86.Build.0 = Release|Win32
		{99B5C803-A6DB-403B-9D69-BFC621599F21}.Debug|x64.ActiveCfg = Debug|x64
		{99B5C803-A6DB-403B-9D69-BFC621599F21}.Debug|x64.Build.0 = Debug|x64
		{99B5C803-A6DB-403B-9D69-BFC621599F21}.Debug|x86.ActiveCfg = Debug|Win32
		{99B5C803-A6DB-403B-9D69-BFC621599F21}.Debug|x86.Build.0 = Debug|Win32
		{99B5C803-A6DB-403B-9D69-BFC621599F21}.Release|x64.ActiveCfg = Release|x64
		{99B5C803-A6DB-403B-9D69-BFC621599F21}.Release|x64.Build.0 = Release|x64
		{99B5C803-A6DB-403B-9D69-BFC621599F21}.Release|x86.ActiveCfg = Release|Win32
		{99B5C803-A6DB-403B-9D69-BFC621599F21}.Release|x86.Build.0 = Release|Win32
		{304EA9F7-EF2C-4060-8747-D78D06B312E9}.Debug|x64.ActiveCfg = Debug|x64
		{304EA9F7-EF2C-4060-8747-D78D06B312E9}.Debug|x64.Build.0 = Debug|x64
		{304EA9F7-EF2C-4060-8747-D78D06B312E9}.Debug|x86.ActiveCfg = Debug|Win32
		{304EA9F7-EF2C-4060-8747-D78D06B312E9}.Debug|x86.Build.0 = Debug|Win32
		{304EA9F7-EF2C-4060-8747-D78D06B312E9}.Release|x64.ActiveCfg = Release|x64
		{304EA9F7-EF2C-4060-8747-D78D06B312E9}.Release|x64.Build.0 = Release|x64
		{304EA9F7-EF2C-4060-8747-D78D06B312E9}.Release|x86.ActiveCfg = Release|Win32
		{304EA9F7-EF2C-4060-8747-D78D06B312E9}.Release|x86.Build.0 = Release|Win32
		{04E4FA0F-ACF2-42E0-8B50-BE87FDF9AA24}.Debug|x64.ActiveCfg = Debug|x64
		{04E4FA0F-ACF2-42E0-8B50-BE87FDF9AA24}.Debug|x64.Build.0 = Debug|x64
		{04E4FA0F-ACF2-42E0-8B50-BE87FDF9AA24}.Debug|x86.ActiveCfg = Debug|Win32
		{04E4FA0F-ACF2-42E0-8B50-BE87FDF9AA24}.Debug|x86.Build.0 = Debug|Win32
		{04E4FA0F-ACF2-42E0-8B50-BE87FDF9AA24}.Release|x64.ActiveCfg = Release|x64
		{04E4FA0F-ACF2-42E0-8B50-BE87FDF9AA24}.Release|x64.Build.0 = Release|x64
		{04E4FA0F-ACF2-42E0-8B50-BE87FDF9AA24}.Release|x86.ActiveCfg = Release|Win32
		{04E4FA0F-ACF2-42E0-8B50-BE87FDF9AA24}.Release|x86.Build.0 = Release|Win32
		{790FF441-4F5C-4BB3-B554-D5B2702F4F22}.Debug|x64.ActiveCfg = Debug|x64
		{790FF441-4F5C-4BB3-B554-D5B2702F4F22}.Debug|x64.Build.0 = Debug|x64
		{790FF441-4F5C-4BB3-B554-D5B2702F4F22}.Debug|x86.ActiveCfg = Debug|Win32
		{790FF441-4F5C-4BB3-B554-D5B2702F4F22}.Debug|x86.Build.0 = Debug|Win32
		{790FF441-4F5C-4BB3-B554-D5B2702F4F22}.Release|x64.ActiveCfg = Release|x64
		{790FF441-4F5C-4BB3-B554-D5B2702F4F22}.Release|x64.Build.0 = Release|x64
		{790FF441-4F5C-4BB3-B554-D5B2702F4F22}.Release|x86.ActiveCfg = Release|Win32
		{790FF441-4F5C-4BB3-B554-D5B2702F4F22}.Release|x86.Build.0 = Release|Win32
		{FF22F90B-1A49-4049-A0DC-7F4B68E77B5C}.Debug|x64.ActiveCfg = Debug|x64
		{FF22F90B-1A49-4049-A0DC-7F4B68E77B5C}.Debug|x64.Build.0 = Debug|x64
		{FF22F90B-1A49-4049-A0DC-7F4B68E77B5C}.Debug|x86.ActiveCfg = Debug|Win32
		{FF22F90B-1A49-4049-A0DC-7F4B68E77B5C}.Debug|x86.Build.0 = Debug|Win32
		{FF22F90B-1A49-4049-A0DC-7F4B68E77B5C}.Release|x64.ActiveCfg = Release|x64
		{FF22F90B-1A49-4049-A0DC-7F4B68E77B5C}.Release|x64.Build.0 = Release|x64
		{FF22F90B-1A49-4049-A0DC-7F4B68E77B5C}.Release|x86.ActiveCfg = Release|Win32
		{FF22F90B-1A49-4049-A0DC-7F4B68E77B5C}.Release|x86.Build.0 = Release|Win32
		{2ABA8BE9-6D19-459A-BCF0-E125B26DB409}.Debug|x64.ActiveCfg = Debug|x64
		{2ABA8BE9-6D19-459A-BCF0-E125B26DB409}.Debug|x64.Build.0 = Debug|x64
		{2ABA8BE9-6D19-459A-BCF0-E125B26DB409}.Debug|x86.ActiveCfg = Debug|Win32
		{2ABA8BE9-6D19-459A-BCF0-E125B26DB409}.Debug|x86.Build.0 = Debug|Win32
		{2ABA8BE9-6D19-459A-BCF0-E125B26DB409}.Release|x64.ActiveCfg = Release|x64
		{2ABA8BE9-6D19-459A-BCF0-E125B26DB409}.Release|x64.Build.0 = Release|x64
		{2ABA8BE9-6D19-459A-BCF0-E125B26DB409}.Release|x86.ActiveCfg = Release|Win32
		{2ABA8BE9-6D19-459A-BCF0-E125B26DB409}.Release|x86.Build.0 = Release|Win32
		{88CC4B2E-42E1-4D91-A08B-4A04D417803A}.Debug|x64.ActiveCfg = Debug|x64
		{88CC4B2E-42E1-4D91-A08B-4A04D417803A}.Debug|x64.Build.0 = Debug|x64
		{88CC4B2E-42E1-4D91-A08B-4A04D417803A}.Debug|x86.ActiveCfg = Debug|Win32
		{88CC4B2E-42E1-4D91-A08B-4A04D417803A}.Debug|x86.Build.0 = Debug|Win32
		{88CC4B2E-42E1-4D91-A08B-4A04D417803A}.Release|x64.ActiveCfg = Release|x64
		{88CC4B2E-42E1-4D91-A08B-4A04D417803A}.Release|x64.Build.0 = Release|x64
		{88CC4B2E-42E1-4D91-A08B-4A04D417803A}.Release|x86.ActiveCfg = Release|Win32
		{88CC4B2E-42E1-4D91-A08B-4A04D417803A}.Release|x86.Build.0 = Release|Win32
		{8EF377BB-EA52-412A-B1D6-CCAEA1118A6A}.Debug|x64.ActiveCfg = Debug|x64
		{8EF377BB-EA52-412A-B1D6-CCAEA1118A6A}.Debug|x64.Build.0 = Debug|x64
		{8EF377BB-EA52-412A-B1D6-CCAEA1118A6A}.Debug|x86.ActiveCfg = Debug|Win32
		{8EF377BB-EA52-412A-B1D6-CCAEA1118A6A}.Debug|x86.Build.0 = Debug|Win32
		{8EF377BB-EA52-412A-B1D6-CCAEA1118A6A}.Release|x64.ActiveCfg = Release|x64
		{8EF377BB-EA52-412A-B1D6-CCAEA1118A6A}.Release|x64.Build.0 = Release|x64
		{8EF377BB-EA52-412A-B1D6-CCAEA1118A6A}.Release|x86.ActiveCfg = Release|Win32
		{8EF377BB-EA52-412A-B1D6-CCAEA1118A6A}.Release|x86.Build.0 = Release|Win32
		{52B15CE0-D210-47F6-9FD2-F3BCCAE6650B}.Debug|x64.ActiveCfg = Debug|x64
		{52B15CE0-D210-47F6-9FD2-F3BCCAE6650B}.Debug|x64.Build.0 = Debug|x64
		{52B15CE0-D210-47F6-9FD2-F3BCCAE6650B}.Debug|x86.ActiveCfg = Debug|Win32
		{52B15CE0-D210-47F6-9FD2-F3BCCAE6650B}.Debug|x86.Build.0 = Debug|Win32
		{52B15CE0-D210-47F6-9FD2-F3BCCAE6650B}.Release|x64.ActiveCfg = Release|x64
		{52B15CE0-D210-47F6-9FD2-F3BCCAE6650B}.Release|x64.Build.0 = Release|x64
		{52B15CE0-D210-47F6-9FD2-F3BCCAE6650B}.Release|x86.ActiveCfg = Release|Win32
		{52B15CE0-D210-47F6-9FD2-F3BCCAE6650B}.Release|x86.Build.0 = Release|Win32
		{DFFD414B-CE9B-4D31-B306-172446EDB1B9}.Debug|x64.ActiveCfg = Debug|x64
		{DFFD414B-CE9B-4D31-B306-172446EDB1B9}.Debug|x64.Build.0 = Debug|x64
		{DFFD414B-CE9B-4D31-B306-172446EDB1B9}.Debug|x86.ActiveCfg = Debug|Win32
		{DFFD414B-CE9B-4D31-B306-172446EDB1B9}.Debug|x86.Build.0 = Debug|Win32
		{DFFD414B-CE9B-4D31-B306-172446EDB1B9}.Release|x64.ActiveCfg = Release|x64
		{DFFD414B-CE9B-4D31-B306-172446EDB1B9}.Release|x64.Build.0 = Release|x64
		{DFFD414B-CE9B-4D31-B306-172446EDB1B9}.Release|x86.ActiveCfg = Release|Win32
		{DFFD414B-CE9B-4D31-B306-172446EDB1B9}.Release|x86.Build.0 = Release|Win32
		{43C71BD2-B3CD-4AF3-83CD-7E51A889FF02}.Debug|x64.ActiveCfg = Debug|x64
		{43C71BD2-B3CD-4AF3-83CD-7E51A889FF02}.Debug|x64.Build.0 = Debug|x64
		{43C71BD2-B3CD-4AF3-83CD-7E51A889FF02}.Debug|x86.ActiveCfg = Debug|Win32
		{43C71BD2-B3CD-4AF3-83CD-7E51A889FF02}.Debug|x86.Build.0 = Debug|Win32
		{43C71BD2-B3CD-4AF3-83CD-7E51A889FF02}.Release|x64.ActiveCfg = Release|x64
		{43C71BD2-B3CD-4AF3-83CD-7E51A889FF02}.Release|x64.Build.0 = Release|x64
		{43C71BD2-B3CD-4AF3-83CD-7E51A889FF02}.Release|x86.ActiveCfg = Release|Win32
		{43C71BD2-B3CD-4AF3-83CD-7E51A889FF02}.Release|x86.Build.0 = Release|Win32
		{0C182308-A4B3-40A2-9E29-F4D1CEAFD60F}.Debug|x64.ActiveCfg = Debug|x64
		{0C182308-A4B3-40A2-9E29-F4D1CEAFD60F}.Debug|x64.Build.0 = Debug|x64
		{0C182308-A4B3-40A2-9E29-F4D1CEAFD60F}.Debug|x86.ActiveCfg = Debug|Win32
		{0C182308-A4B3-40A2-9E29-F4D1CEAFD60F}.Debug|x86.Build.0 = Debug|Win32
		{0C182308-A4B3-40A2-9E29-F4D1CEAFD60F}.Release|x64.ActiveCfg = Release|x64
		{0C182308-A4B3-40A2-9E29-F4D1CEAFD60F}.Release|x64.Build.0 = Release|x64
		{0C182308-A4B3-40A2-9E29-F4D1CEAFD60F}.Release|x86.ActiveCfg = Release|Win32
		{0C182308-A4B3-40A2-9E29-F4D1CEAFD60F}.Release|x86.Build.0 = Release|Win32
		{E82D9EE1-8A34-4DFD-83AD-B004EBEE4E5B}.Debug|x64.ActiveCfg = Debug|x64
		{E82D9EE1-8A34-4DFD-83AD-B004EBEE4E5B}.Debug|x64.Build.0 = Debug|x64
		{E82D9EE1-8A34-4DFD-83AD-B004EBEE4E5B}.Debug|x86.ActiveCfg = Debug|Win32
		{E82D9EE1-8A34-4DFD-83AD-B004EBEE4E5B}.Debug|x86.Build.0 = Debug|Win32
		{E82D9EE1-8A34-4DFD-83AD-B004EBEE4E5B}.Release|x64.ActiveCfg = Release|x64
		{E82D9EE1-8A34-4DFD-83AD-B004EBEE4E5B}.Release|x64.Build.0 = Release|x64
		{E82D9EE1-8A34-4DFD-83AD-B004EBEE4E5B}.Release|x86.ActiveCfg = Release|Win32
		{E82D9EE1-8A34-4DFD-83AD-B004EBEE4E5B}.Release|x86.Build.0 = Release|Win32
		{4D069D24-A77E-4DDF-8ABC-991B64A37903}.Debug|x64.ActiveCfg = Debug|x64
		{4D069D24-A77E-4DDF-8ABC-991B64A37903}.Debug|x64.Build.0 = Debug|x64
		{4D069D24-A77E-4DDF-8ABC-991B64A37903}.Debug|x86.ActiveCfg = Debug|Win32
		{4D069D24-A77E-4DDF-8ABC-991B64A37903}.Debug|x86.Build.0 = Debug|Win32
		{4D069D24-A77E-4DDF-8ABC-991B64A37903}.Release|x64.ActiveCfg = Release|x64
		{4D069D24-A77E-4DDF-8ABC-991B64A37903}.Release|x64.Build.0 = Release|x64
		{4D069D24-A77E-4DDF-8ABC-991B64A37903}.Release|x86.ActiveCfg = Release|Win32
		{4D069D24-A77E-4DDF-8ABC-991B64A37903}.Release|x86.Build.0 = Release|Win32
		{2138FBC8-D9C7-4A36-98C0-7910D33736BB}.Debug|x64.ActiveCfg = Debug|x64
		{2138FBC8-D9C7-4A36-98C0-7910D33736BB}.Debug|x64.Build.0 = Debug|x64
		{2138FBC8-D9C7-4A36-98C0-7910D33736BB}.Debug|x86.ActiveCfg = Debug|Win32
		{2138FBC8-D9C7-4A36-98C0-7910D33736BB}.Debug|x86.Build.0 = Debug|Win32
		{2138FBC8-D9C7-4A36-98C0-7910D33736BB}.Release|x64.ActiveCfg = Release|x64
		{2138FBC8-D9C7-4A36-98C0-7910D33736BB}.Release|x64.Build.0 = Release|x64
		{2138FBC8-D9C7-4A36-98C0-7910D33736BB}.Release|x86.ActiveCfg = Release|Win32
		{2138FBC8-D9C7-4A36-98C0-7910D33736BB}.Release|x86.Build.0 = Release|Win32
		{3FFB92E4-2316-4C7B-9DC0-4CD7ADD67AD9}.Debug|x64.ActiveCfg = Debug|x64
		{3FFB92E4-2316-4C7B-9DC0-4CD7ADD67AD9}.Debug|x64.Build.0 = Debug|x64
		{3FFB92E4-2316-4C7B-9DC0-4CD7ADD67AD9}.Debug|x86.ActiveCfg = Debug|Win32
		{3FFB92E4-2316-4C7B-9DC0-4CD7ADD67AD9}.Debug|x86.Build.0 = Debug|Win32
		{3FFB92E4-2316-4C7B-9DC0-4CD7ADD67AD9}.Release|x64.ActiveCfg = Release|x64
		{3FFB92E4-2316-4C7B-9DC0-4CD7ADD67AD9}.Release|x64.Build.0 = Release|x64
		{3FFB92E4-2316-4C7B-9DC0-4CD7ADD67AD9}.Release|x86.ActiveCfg = Release|Win32
		{3FFB92E4-2316-4C7B-9DC0-4CD7ADD67AD9}.Release|x86.Build.0 = Release|Win32
		{B278054C-BEB1-4563-BEE8-907AAF51A14E}.Debug|x64.ActiveCfg = Debug|x64
		{B278054C-BEB1-4563-BEE8-907AAF51A14E}.Debug|x64.Build.0 = Debug|x64
		{B278054C-BEB1-4563-BEE8-907AAF51A14E}.Debug|x86.ActiveCfg = Debug|Win32
		{B278054C-BEB1-4563-BEE8-907AAF51A14E}.Debug|x86.Build.0 = Debug|Win32
		{B278054C-BEB1-4563-BEE8-907AAF51A14E}.Release|x64.ActiveCfg = Release|x64
		{B278054C-BEB1-4563-BEE8-907AAF51A14E}.Release|x64.Build.0 = Release|x64
		{B278054C-BEB1-4563-BEE8-907AAF51A14E}.Release|x86.ActiveCfg = Release|Win32
		{B278054C-BEB1-4563-BEE8-907AAF51A14E}.Release|x86.Build.0 = Release|Win32
		{F4EB5521-FC58-4C6B-8CE9-7DF30F908BB8}.Debug|x64.ActiveCfg = Debug|x64
		{F4EB5521-FC58-4C6B-8CE9-7DF30F908BB8}.Debug|x64.Build.0 = Debug|x64
		{F4EB5521-FC58-4C6B-8CE9-7DF30F908BB8}.Debug|x86.ActiveCfg = Debug|Win32
		{F4EB5521-FC58-4C6B-8CE9-7DF30F908BB8}.Debug|x86.Build.0 = Debug|Win32
		{F4EB5521-FC58-4C6B-8CE9-7DF30F908BB8}.Release|x64.ActiveCfg = Release|x64
		{F4EB5521-FC58-4C6B-8CE9-7DF30F908BB8}.Release|x64.Build.0 = Release|x64
		{F4EB5521-FC58-4C6B-8CE9-7DF30F908BB8}.Release|x86.ActiveCfg = Release|Win32
		{F4EB5521-FC58-4C6B-8CE9-7DF30F908BB8}.Release|x86.Build.0 = Release|Win32
		{AA492F64-5C08-419B-BD49-50947847F264}.Debug|x64.ActiveCfg = Debug|x64
		{AA492F64-5C08-419B-BD49-50947847F264}.Debug|x64.Build.0 = Debug|x64
		{AA492F64-5C08-419B-BD49-50947847F264}.Debug|x86.ActiveCfg = Debug|Win32
		{AA492F64-5C08-419B-BD49-50947847F264}.Debug|x86.Build.0 = Debug|Win32
		{AA492F64-5C08-419B-BD49-50947847F264}.Release|x64.ActiveCfg = Release|x64
		{AA492F64-5C08-419B-BD49-50947847F264}.Release|x64.Build.0 = Release|x64
		{AA492F64-5C08-419B-BD49-50947847F264}.Release|x86.ActiveCfg = Release|Win32
		{AA492F64-5C08-419B-BD49-50947847F264}.Release|x86.Build.0 = Release|Win32
		{4D4C2534-505D-4568-B8CF-415C9FB4B563}.Debug|x64.ActiveCfg = Debug|x64
		{4D4C2534-505D-4568-B8CF-415C9FB4B563}.Debug|x64.Build.0 = Debug|x64
		{4D4C2534-505D-4568-B8CF-415C9FB4B563}.Debug|x86.ActiveCfg = Debug|Win32
		{4D4C2534-505D-4568-B8CF-415C9FB4B563}.Debug|x86.Build.0 = Debug|Win32
		{4D4C2534-505D-4568-B8CF-415C9FB4B563}.Release|x64.ActiveCfg = Release|x64
		{4D4C2534-505D-4568-B8CF-415C9FB4B563}.Release|x64.Build.0 = Release|x64
		{4D4C2534-505D-4568-B8CF-415C9FB4B563}.Release|x86.ActiveCfg = Release|Win32
		{4D4C2534-505D-4568-B8CF-415C9FB4B563}.Release|x86.Build.0 = Release|Win32
		{55F9ABB0-DA8E-404F-ABC1-0EC8A601DB0B}.Debug|x64.ActiveCfg = Debug|x64
		{55F9ABB0-DA8E-404F-ABC1-0EC8A601DB0B}.Debug|x64.Build.0 = Debug|x64
		{55F9ABB0-DA8E-404F-ABC1-0EC8A601DB0B}.Debug|x86.ActiveCfg = Debug|Win32
		{55F9ABB0-DA8E-404F-ABC1-0EC8A601DB0B}.Debug|x86.Build.0 = Debug|Win32
		{55F9ABB0-DA8E-404F-ABC1-0EC8A601DB0B}.Release|x64.ActiveCfg = Release|x64
		{55F9ABB0-DA8E-404F-ABC1-0EC8A601DB0B}.Release|x64.Build.0 = Release|x64
		{55F9ABB0-DA8E-404F-ABC1-0EC8A601DB0B}.Release|x86.ActiveCfg = Release|Win32
		{55F9ABB0-DA8E-404F-ABC1-0EC8A601DB0B}.Release|x86.Build.0 = Release|Win32
		{9CE5DDD8-CA55-4277-AF20-AD8A0786D254}.Debug|x64.ActiveCfg = Debug|x64
		{9CE5DDD8-CA55-4277-AF20-AD8A0786D254}.Debug|x64.Build.0 = Debug|x64
		{9CE5DDD8-CA55-4277-AF20-AD8A0786D254}.Debug|x86.ActiveCfg = Debug|Win32
		{9CE5DDD8-CA55-4277-AF20-AD8A0786D254}.Debug|x86.Build.0 = Debug|Win32
		{9CE5DDD8-CA55-4277-AF20-AD8A0786D254}.Release|x64.ActiveCfg = Release|x64
		{9CE5DDD8-CA55-4277-AF20-AD8A0786D254}.Release|x64.Build.0 = Release|x64
		{9CE5DDD8-CA55-4277-AF20-AD8A0786D254}.Release|x86.ActiveCfg = Release|Win32
		{9CE5DDD8-CA55-4277-AF20-AD8A0786D254}.Release|x86.Build.0 = Release|Win32
		{E81CA8A6-E11D-4DC2-909A-6C50E9DA9857}.Debug|x64.ActiveCfg = Debug|x64
		{E81CA8A6-E11D-4DC2-909A-6C50E9DA9857}.Debug|x64.Build.0 = Debug|x64
		{E81CA8A6-E11D-4DC2-909A-6C50E9DA9857}.Debug|x86.ActiveCfg = Debug|Win32
		{E81CA8A6-E11D-4DC2-909A-6C50E9DA9857}.Debug|x86.Build.0 = Debug|Win32
		{E81CA8A6-E11D-4DC2-909A-6C50E9DA9857}.Release|x64.ActiveCfg = Release|x64
		{E81CA8A6-E11D-4DC2-909A-6C50E9DA9857}.Release|x64.Build.0 = Release|x64
		{E81CA8A6-E11D-4DC2-909A-6C50E9DA9857}.Release|x86.ActiveCfg = Release|Win32
		{E81CA8A6-E11D-4DC2-909A-6C50E9DA9857}.Release|x86.Build.0 = Release|Win32
		{D692ED55-1368-43B5-AD2B-5C42FEC89CF7}.Debug|x64.ActiveCfg = Debug|x64
		{D692ED55-1368-43B5-AD2B-5C42FEC89CF7}.Debug|x64.Build.0 = Debug|x64
		{D692ED55-1368-43B5-AD2B-5C42FEC89CF7}.Debug|x86.ActiveCfg = Debug|Win32
		{D692ED55-1368-43B5-AD2B-5C42FEC89CF7}.Debug|x86.Build.0 = Debug|Win32
		{D692ED55-1368-43B5-AD2B-5C42FEC89CF7}.Release|x64.ActiveCfg = Release|x64
		{D692ED55-1368-43B5-AD2B-5C42FEC89CF7}.Release|x64.Build.0 = Release|x64
		{D692ED55-1368-43B5-AD2B-5C42FEC89CF7}.Release|x86.ActiveCfg = Release|Win32
		{D692ED55-1368-43B5-AD2B-5C42FEC89CF7}.Release|x86.Build.0 = Release|Win32
		{D182DFC7-0632-4E79-B504-D53535F03186}.Debug|x64.ActiveCfg = Debug|x64
		{D182DFC7-0632-4E79-B504-D53535F03186}.Debug|x64.Build.0 = Debug|x64
		{D182DFC7-0632-4E79-B504-D53535F03186}.Debug|x86.ActiveCfg = Debug|Win32
		{D182DFC7-0632-4E79-B504-D53535F03186}.Debug|x86.Build.0 = Debug|Win32
		{D182DFC7-0632-4E79-B504-D53535F03186}.Release|x64.ActiveCfg = Release|x64
		{D182DFC7-0632-4E79-B504-D53535F03186}.Release|x64.Build.0 = Release|x64
		{D182DFC7-0632-4E79-B504-D53535F03186}.Release|x86.ActiveCfg = Release|Win32
		{D182DFC7-0632-4E79-B504-D53535F03186}.Release|x86.Build.0 = Release|Win32
		{9CEA474D-C9FD-402E-A2DD-6C302A261720}.Debug|x64.ActiveCfg = Debug|x64
		{9CEA474D-C9FD-402E-A2DD-6C302A261720}.Debug|x64.Build.0 = Debug|x64
		{9CEA474D-C9FD-402E-A2DD-6C302A261720}.Debug|x86.ActiveCfg = Debug|Win32
		{9CEA474D-C9FD-402E-A2DD-6C302A261720}.Debug|x86.Build.0 = Debug|Win32
		{9CEA474D-C9FD-402E-A2DD-6C302A261720}.Release|x64.ActiveCfg = Release|x64
		{9CEA474D-C9FD-402E-A2DD-6C302A261720}.Release|x64.Build.0 = Release|x64
		{9CEA474D-C9FD-402E-A2DD-6C302A261720}.Release|x86.ActiveCfg = Release|Win32
		{9CEA474D-C9FD-402E-A2DD-6C302A261720}.Release|x86.Build.0 = Release|Win32
		{3125D2AB-1BB7-4984-A407-1918F8B41D2F}.Debug|x64.ActiveCfg = Debug|x64
		{3125D2AB-1BB7-4984-A407-1918F8B41D2F}.Debug|x64.Build.0 = Debug|x64
		{3125D2AB-1BB7-4984-A407-1918F8B41D2F}.Debug|x86.ActiveCfg = Debug|Win32
		{3125D2AB-1BB7-4984-A407-1918F8B41D2F}.Debug|x86.Build.0 = Debug|Win32
		{3125D2AB-1BB7-4984-A407-1918F8B41D2F}.Release|x64.ActiveCfg = Release|x64
		{3125D2AB-1BB7-4984-A407-1918F8B41D2F}.Release|x64.Build.0 = Release|x64
		{3125D2AB-1BB7-4984-A407-1918F8B41D2F}.Release|x86.ActiveCfg = Release|Win32
		{3125D2AB-1BB7-4984-A407-1918F8B41D2F}.Release|x86.Build.0 = Release|Win32
		{A63BAE46-6365-4EE4-A2B3-45F4B0A5A7DA}.Debug|x64.ActiveCfg = Debug|x64
		{A63BAE46-6365-4EE4-A2B3-45F4B0A5A7DA}.Debug|x64.Build.0 = Debug|x64
		{A63BAE46-6365-4EE4-A2B3-45F4B0A5A7DA}.Debug|x86.ActiveCfg = Debug|Win32
		{A63BAE46-6365-4EE4-A2B3-45F4B0A5A7DA}.Debug|x86.Build.0 = Debug|Win32
		{A63BAE46-6365-4EE4-A2B3-45F4B0A5A7DA}.Release|x64.ActiveCfg = Release|x64
		{A63BAE46-6365-4EE4-A2B3-45F4B0A5A7DA}.Release|x64.Build.0 = Release|x64
		{A63BAE46-6365-4EE4-A2B3-45F4B0A5A7DA}.Release|x86.ActiveCfg = Release|Win32
		{A63BAE46-6365-4EE4-A2B3-45F4B0A5A7DA}.Release|x86.Build.0 = Release|Win32
		{2318BEA2-E1CB-496B-BCA4-510306484644}.Debug|x64.ActiveCfg = Debug|x64
		{2318BEA2-E1CB-496B-BCA4-510306484644}.Debug|x64.Build.0 = Debug|x64
		{2318BEA2-E1CB-496B-BCA4-510306484644}.Debug|x86.ActiveCfg = Debug|Win32
		{2318BEA2-E1CB-496B-BCA4-510306484644}.Debug|x86.Build.0 = Debug|Win32
		{2318BEA2-E1CB-496B-BCA4-510306484644}.Release|x64.ActiveCfg = Release|x64
		{2318BEA2-E1CB-496B-BCA4-510306484644}.Release|x64.Build.0 = Release|x64
		{2318BEA2-E1CB-496B-BCA4-510306484644}.Release|x86.ActiveCfg = Release|Win32
		{2318BEA2-E1CB-496B-BCA4-510306484644}.Release|x86.Build.0 = Release|Win32
		{C72C5CB9-7F18-41AD-AE23-4C21B632D29A}.Debug|x64.ActiveCfg = Debug|x64
		{C72C5CB9-7F18-41AD-AE23-4C21B632D29A}.Debug|x64.Build.0 = Debug|x64
		{C72C5CB9-7F18-41AD-AE23-4C21B632D29A}.Debug|x86.ActiveCfg = Debug|Win32
		{C72C5CB9-7F18-41AD-AE23-4C21B632D29A}.Debug|x86.Build.0 = Debug|Win32
		{C72C5CB9-7F18-41AD-AE23-4C21B632D29A}.Release|x64.ActiveCfg = Release|x64
		{C72C5CB9-7F18-41AD-AE23-4C21B632D29A}.Release|x64.Build.0 = Release|x64
		{C72C5CB9-7F18-41AD-AE23-4C21B632D29A}.Release|x86.ActiveCfg = Release|Win32
		{C72C5CB9-7F18-41AD-AE23-4C21B632D29A}.Release|x86.Build.0 = Release|Win32
		{CB36D134-7EC0-4940-B296-118EADD4BF1D}.Debug|x64.ActiveCfg = Debug|x64
		{CB36D134-7EC0-4940-B296-118EADD4BF1D}.Debug|x64.Build.0 = Debug|x64
		{CB36D134-7EC0-4940-B296-118EADD4BF1D}.Debug|x86.ActiveCfg = Debug|Win32
		{CB36D134-7EC0-4940-B296-118EADD4BF1D}.Debug|x86.Build.0 = Debug|Win32
		{CB36D134-7EC0-4940-B296-118EADD4BF1D}.Release|x64.ActiveCfg = Release|x64
		{CB36D134-7EC0-4940-B296-118EADD4BF1D}.Release|x64.Build.0 = Release|x64
		{CB36D134-7EC0-4940-B296-118EADD4BF1D}.Release|x86.ActiveCfg = Release|Win32
		{CB36D134-7EC0-4940-B296-118EADD4BF1D}.Release|x86.Build.0 = Release|Win32
		{2BF8AA7E-1AE8-46EF-96CD-5338FF7579BA}.Debug|x64.ActiveCfg = Debug|x64
		{2BF8AA7E-1AE8-46EF-96CD-5338FF7579BA}.Debug|x64.Build.0 = Debug|x64
		{2BF8AA7E-1AE8-46EF-96CD-5338FF7579BA}.Debug|x86.ActiveCfg = Debug|Win32
		{2BF8AA7E-1AE8-46EF-96CD-5338FF7579BA}.Debug|x86.Build.0 = Debug|Win32
		{2BF8AA7E-1AE8-46EF-96CD-5338FF7579BA}.Release|x64.ActiveCfg = Release|x64
		{2BF8AA7E-1AE8-46EF-96CD-5338FF7579BA}.Release|x64.Build.0 = Release|x64
		{2BF8AA7E-1AE8-46EF-96CD-5338FF7579BA}.Release|x86.ActiveCfg = Release|Win32
		{2BF8AA7E-1AE8-46EF-96CD-5338FF7579BA}.Release|x86.Build.0 = Release|Win32
		{B57CF83B-B032-44E9-A172-8FE85803211A}.Debug|x64.ActiveCfg = Debug|x64
		{B57CF83B-B032-44E9-A172-8FE85803211A}.Debug|x64.Build.0 = Debug|x64
		{B57CF83B-B032-44E9-A172-8FE85803211A}.Debug|x86.ActiveCfg = Debug|Win32
		{B57CF83B-B032-44E9-A172-8FE85803211A}.Debug|x86.Build.0 = Debug|Win32
		{B57CF83B-B032-44E9-A172-8FE85803211A}.Release|x64.ActiveCfg = Release|x64
		{B57CF83B-B032-44E9-A172-8FE85803211A}.Release|x64.Build.0 = Release|x64
		{B57CF83B-B032-44E9-A172-8FE85803211A}.Release|x86.ActiveCfg = Release|Win32
		{B57CF83B-B032-44E9-A172-8FE85803211A}.Release|x86.Build.0 = Release|Win32
		{A8DEDB4D-4662-40DE-8819-6604A4D22680}.Debug|x64.ActiveCfg = Debug|x64
		{A8DEDB4D-4662-40DE-8819-6604A4D22680}.Debug|x64.Build.0 = Debug|x64
		{A8DEDB4D-4662-40DE-8819-6604A4D22680}.Debug|x86.ActiveCfg = Debug|Win32
		{A8DEDB4D-4662-40DE-8819-6604A4D22680}.Debug|x86.Build.0 = Debug|Win32
		{A8DEDB4D-4662-40DE-8819-6604A4D22680}.Release|x64.ActiveCfg = Release|x64
		{A8DEDB4D-4662-40DE-8819-6604A4D22680}.Release|x64.Build.0 = Release|x64
		{A8DEDB4D-4662-40DE-8819-6604A4D22680}.Release|x86.ActiveCfg = Release|Win32
		{A8DEDB4D-4662-40DE-8819-6604A4D22680}.Release|x86.Build.0 = Release|Win32
		{0C1A92BD-E13A-47A7-9A5C-EFED1C256888}.Debug|x64.ActiveCfg = Debug|x64
		{0C1A92BD-E13A-47A7-9A5C-EFED1C256888}.Debug|x64.Build.0 = Debug|x64
		{0C1A92BD-E13A-47A7-9A5C-EFED1C256888}.Debug|x86.ActiveCfg = Debug|Win32
		{0C1A92BD-E13A-47A7-9A5C-EFED1C256888}.Debug|x86.Build.0 = Debug|Win32
		{0C1A92BD-E13A-47A7-9A5C-EFED1C256888}.Release|x64.ActiveCfg = Release|x64
		{0C1A92BD-E13A-47A7-9A5C-EFED1C256888}.Release|x64.Build.0 = Release|x64
		{0C1A92BD-E13A-47A7-9A5C-EFED1C256888}.Release|x86.ActiveCfg = Release|Win32
		{0C1A92BD-E13A-47A7-9A5C-EFED1C256888}.Release|x86.Build.0 = Release|Win32
		{CE1A786B-30E5-40F5-84F2-2BBC291A0360}.Debug|x64.ActiveCfg = Debug|x64
		{CE1A786B-30E5-40F5-84F2-2BBC291A0360}.Debug|x64.Build.0 = Debug|x64
		{CE1A786B-30E5-40F5-84F2-2BBC291A0360}.Debug|x86.ActiveCfg = Debug|Win32
		{CE1A786B-30E5-40F5-84F2-2BBC291A0360}.Debug|x86.Build.0 = Debug|Win32
		{CE1A786B-30E5-40F5-84F2-2BBC291A0360}.Release|x64.ActiveCfg = Release|x64
		{CE1A786B-30E5-40F5-84F2-2BBC291A0360}.Release|x64.Build.0 = Release|x64
		{CE1A786B-30E5-40F5-84F2-2BBC291A0360}.Release|x86.ActiveCfg = Release|Win32
		{CE1A786B-30E5-40F5-84F2-2BBC291A0360}.Release|x86.Build.0 = Release|Win32
		{EE64A8CD-93D7-44D1-AF0E-0C59B57D42B0}.Debug|x64.ActiveCfg = Debug|x64
		{EE64A8CD-93D7-44D1-AF0E-0C59B57D42B0}.Debug|x64.Build.0 = Debug|x64
		{EE64A8CD-93D7-44D1-AF0E-0C59B57D42B0}.Debug|x86.ActiveCfg = Debug|Win32
		{EE64A8CD-93D7-44D1-AF0E-0C59B57D42B0}.Debug|x86.Build.0 = Debug|Win32
		{EE64A8CD-93D7-44D1-AF0E-0C59B57D42B0}.Release|x64.ActiveCfg = Release|x64
		{EE64A8CD-93D7-44D1-AF0E-0C59B57D42B0}.Release|x64.Build.0 = Release|x64
		{EE64A8CD-93D7-44D1-AF0E-0C59B57D42B0}.Release|x86.ActiveCfg = Release|Win32
		{EE64A8CD-93D7-44D1-AF0E-0C59B57D42B0}.Release|x86.Build.0 = Release|Win32
		{8232BBEA-29C8-48E6-B860-C4A46BB6004A}.Debug|x64.ActiveCfg = Debug|x64
		{8232BBEA-29C8-48E6-B860-C4A46BB6004A}.Debug|x64.Build.0 = Debug|x64
		{8232BBEA-29C8-48E6-B860-C4A46BB6004A}.Debug|x86.ActiveCfg = Debug|Win32
		{8232BBEA-29C8-48E6-B860-C4A46BB6004A}.Debug|x86.Build.0 = Debug|Win32
		{8232BBEA-29C8-48E6-B860-C4A46BB6004A}.Release|x64.ActiveCfg = Release|x64
		{8232BBEA-29C8-48E6-B860-C4A46BB6004A}.Release|x64.Build.0 = Release|x64
		{8232BBEA-29C8-48E6-B860-C4A46BB6004A}.Release|x86.ActiveCfg = Release|Win32
		{8232BBEA-29C8-48E6-B860-C4A46BB6004A}.Release|x86.Build.0 = Release|Win32
		{7846A3A0-C1A9-41CD-9517-3CE5767C2D2C}.Debug|x64.ActiveCfg = Debug|x64
		{7846A3A0-C1A9-41CD-9517-3CE5767C2D2C}.Debug|x64.Build.0 = Debug|x64
		{7846A3A0-C1A9-41CD-9517-3CE5767C2D2C}.Debug|x86.ActiveCfg = Debug|Win32
		{7846A3A0-C1A9-41CD-9517-3CE5767C2D2C}.Debug|x86.Build.0 = Debug|Win32
		{7846A3A0-C1A9-41CD-9517-3CE5767C2D2C}.Release|x64.ActiveCfg = Release|x64
		{7846A3A0-C1A9-41CD-9517-3CE5767C2D2C}.Release|x64.Build.0 = Release|x64
		{7846A3A0-C1A9-41CD-9517-3CE5767C2D2C}.Release|x86.ActiveCfg = Release|Win32
		{7846A3A0-C1A9-41CD-9517-3CE5767C2D2C}.Release|x86.Build.0 = Release|Win32
		{665CE791-DD69-41F9-ABC4-2C66CDB77553}.Debug|x64.ActiveCfg = Debug|x64
		{665CE791-DD69-41F9-ABC4-2C66CDB77553}.Debug|x64.Build.0 = Debug|x64
		{665CE791-DD69-41F9-ABC4-2C66CDB77553}.Debug|x86.ActiveCfg = Debug|Win32
		{665CE791-DD69-41F9-ABC4-2C66CDB77553}.Debug|x86.Build.0 = Debug|Win32
		{665CE791-DD69-41F9-ABC4-2C66CDB77553}.Release|x64.ActiveCfg = Release|x64
		{665CE791-DD69-41F9-ABC4-2C66CDB77553}.Release|x64.Build.0 = Release|x64
		{665CE791-DD69-41F9-ABC4-2C66CDB77553}.Release|x86.ActiveCfg = Release|Win32
		{665CE791-DD69-41F9-ABC4-2C66CDB77553}.Release|x86.Build.0 = Release|Win32
		{29151A0C-3824-48CA-95BC-F6AE1A781159}.Debug|x64.ActiveCfg = Debug|x64
		{29151A0C-3824-48CA-95BC-F6AE1A781159}.Debug|x64.Build.0 = Debug|x64
		{29151A0C-3824-48CA-95BC-F6AE1A781159}.Debug|x86.ActiveCfg = Debug|Win32
		{29151A0C-3824-48CA-95BC-F6AE1A781159}.Debug|x86.Build.0 = Debug|Win32
		{29151A0C-3824-48CA-95BC-F6AE1A781159}.Release|x64.ActiveCfg = Release|x64
		{29151A0C-3824-48CA-95BC-F6AE1A781159}.Release|x64.Build.0 = Release|x64
		{29151A0C-3824-48CA-95BC-F6AE1A781159}.Release|x86.ActiveCfg = Release|Win32
		{29151A0C-3824-48CA-95BC-F6AE1A781159}.Release|x86.Build.0 = Release|Win32
		{A35F00A2-7534-46A7-A605-F53DC58A1868}.Debug|x64.ActiveCfg = Debug|x64
		{A35F00A2-7534-46A7-A605-F53DC58A1868}.Debug|x64.Build.0 = Debug|x64
		{A35F00A2-7534-46A7-A605-F53DC58A1868}.Debug|x86.ActiveCfg = Debug|Win32
		{A35F00A2-7534-46A7-A605-F53DC58A1868}.Debug|x86.Build.0 = Debug|Win32
		{A35F00A2-7534-46A7-A605-F53DC58A1868}.Release|x64.ActiveCfg = Release|x64
		{A35F00A2-7534-46A7-A605-F53DC58A1868}.Release|x64.Build.0 = Release|x64
		{A35F00A2-7534-46A7-A605-F53DC58A1868}.Release|x86.ActiveCfg = Release|Win32
		{A35F00A2-7534-46A7-A605-F53DC58A1868}.Release|x86.Build.0 = Release|Win32
		{88C2DCA5-04FA-45EC-9901-E54DB7BE64C5}.Debug|x64.ActiveCfg = Debug|x64
		{88C2DCA5-04FA-45EC-9901-E54DB7BE64C5}.Debug|x64.Build.0 = Debug|x64
		{88C2DCA5-04FA-45EC-9901-E54DB7BE64C5}.Debug|x86.ActiveCfg = Debug|Win32
		{88C2DCA5-04FA-45EC-9901-E54DB7BE64C5}.Debug|x86.Build.0 = Debug|Win32
		{88C2DCA5-04FA-45EC-9901-E54DB7BE64C5}.Release|x64.ActiveCfg = Release|x64
		{88C2DCA5-04FA-45EC-9901-E54DB7BE64C5}.Release|x64.Build.0 = Release|x64
		{88C2DCA5-04FA-45EC-9901-E54DB7BE64C5}.Release|x86.ActiveCfg = Release|Win32
		{88C2DCA5-04FA-45EC-9901-E54DB7BE64C5}.Release|x86.Build.0 = Release|Win32
	EndGlobalSection
	GlobalSection(SolutionProperties) = preSolution
		HideSolutionNode = FALSE
	EndGlobalSection
	GlobalSection(ExtensibilityGlobals) = postSolution
		SolutionGuid = {2035B1AD-68E6-4452-85E0-3B2DBB524256}
	EndGlobalSection
EndGlobal
