
Microsoft Visual Studio Solution File, Format Version 12.00
# Visual Studio Version 17
VisualStudioVersion = 17.6.33829.357
MinimumVisualStudioVersion = 10.0.40219.1
Project("{8BC9CEB8-8B4A-11D0-8D11-00A0C91BC942}") = "Bai001", "Bai001\Bai001.vcxproj", "{BD4C2016-00BD-48E4-95B9-9CBC39A08F31}"
EndProject
Project("{8BC9CEB8-8B4A-11D0-8D11-00A0C91BC942}") = "Bai002", "Bai002\Bai002.vcxproj", "{BCF956C1-1A6A-4BCA-83C0-479633B38BB7}"
EndProject
Project("{8BC9CEB8-8B4A-11D0-8D11-00A0C91BC942}") = "Bai003", "Bai003\Bai003.vcxproj", "{101C189D-6438-4100-846F-4E4493D84847}"
EndProject
Project("{8BC9CEB8-8B4A-11D0-8D11-00A0C91BC942}") = "Bai004", "Bai004\Bai004.vcxproj", "{764560CC-E505-4112-AB80-E44676107CDD}"
EndProject
Project("{8BC9CEB8-8B4A-11D0-8D11-00A0C91BC942}") = "Bai005", "Bai005\Bai005.vcxproj", "{9D2FE2A3-78AA-4F5A-BE2F-ACC0AA6707C0}"
EndProject
Project("{8BC9CEB8-8B4A-11D0-8D11-00A0C91BC942}") = "Bai006", "Bai006\Bai006.vcxproj", "{9703034D-EE6F-4721-BFB0-A12FCEA8F623}"
EndProject
Project("{8BC9CEB8-8B4A-11D0-8D11-00A0C91BC942}") = "Bai007", "Bai007\Bai007.vcxproj", "{1D240C16-1ECA-4435-946A-732283623D22}"
EndProject
Project("{8BC9CEB8-8B4A-11D0-8D11-00A0C91BC942}") = "Bai008", "Bai008\Bai008.vcxproj", "{C3CE5365-4F32-4828-BF8C-2B3F837F1615}"
EndProject
Project("{8BC9CEB8-8B4A-11D0-8D11-00A0C91BC942}") = "Bai009", "Bai009\Bai009.vcxproj", "{DD5CD944-74D4-4054-9B06-117B80906C54}"
EndProject
Project("{8BC9CEB8-8B4A-11D0-8D11-00A0C91BC942}") = "Bai010", "Bai010\Bai010.vcxproj", "{1CC523C5-18FA-4813-91E2-C7F94192A34B}"
EndProject
Project("{8BC9CEB8-8B4A-11D0-8D11-00A0C91BC942}") = "Bai011", "Bai011\Bai011.vcxproj", "{AEFF5531-C0CD-4897-AF31-BDE264497B70}"
EndProject
Project("{8BC9CEB8-8B4A-11D0-8D11-00A0C91BC942}") = "Bai012", "Bai012\Bai012.vcxproj", "{014472DF-57B3-4541-8004-989FB3EC8837}"
EndProject
Project("{8BC9CEB8-8B4A-11D0-8D11-00A0C91BC942}") = "Bai013", "Bai013\Bai013.vcxproj", "{1E73F704-7FE9-4552-8B13-E857B0E1117A}"
EndProject
Project("{8BC9CEB8-8B4A-11D0-8D11-00A0C91BC942}") = "Bai014", "Bai014\Bai014.vcxproj", "{B7805B8D-DED5-48E8-B39B-9E3207145CFE}"
EndProject
Project("{8BC9CEB8-8B4A-11D0-8D11-00A0C91BC942}") = "Bai015", "Bai015\Bai015.vcxproj", "{42AECB0A-FE92-414F-B792-AC12DCEC157D}"
EndProject
Project("{8BC9CEB8-8B4A-11D0-8D11-00A0C91BC942}") = "Bai016", "Bai016\Bai016.vcxproj", "{CBE51BEF-1BA5-49C2-AAF4-2D01AA5EDE66}"
EndProject
Project("{8BC9CEB8-8B4A-11D0-8D11-00A0C91BC942}") = "Bai017", "Bai017\Bai017.vcxproj", "{2317231C-2176-4F51-B1CE-14636243608B}"
EndProject
Project("{8BC9CEB8-8B4A-11D0-8D11-00A0C91BC942}") = "Bai018", "Bai018\Bai018.vcxproj", "{40F2B8BD-8F05-42B8-B375-A88A795FC59B}"
EndProject
Project("{8BC9CEB8-8B4A-11D0-8D11-00A0C91BC942}") = "Bai019", "Bai019\Bai019.vcxproj", "{8CE59F76-0B86-493D-A478-596988F68097}"
EndProject
Project("{8BC9CEB8-8B4A-11D0-8D11-00A0C91BC942}") = "Bai020", "Bai020\Bai020.vcxproj", "{13595CAB-11BD-4324-91F0-1BBC4F134573}"
EndProject
Project("{8BC9CEB8-8B4A-11D0-8D11-00A0C91BC942}") = "Bai021", "Bai021\Bai021.vcxproj", "{93BD57A8-D866-4CA1-9A6E-199F076DE47C}"
EndProject
Project("{8BC9CEB8-8B4A-11D0-8D11-00A0C91BC942}") = "Bai022", "Bai022\Bai022.vcxproj", "{6D1A5866-A56A-41D7-9795-859F46A44041}"
EndProject
Project("{8BC9CEB8-8B4A-11D0-8D11-00A0C91BC942}") = "Bai023", "Bai023\Bai023.vcxproj", "{14BC8E66-7EC5-43C2-9706-47F067F74171}"
EndProject
Project("{8BC9CEB8-8B4A-11D0-8D11-00A0C91BC942}") = "Bai024", "Bai024\Bai024.vcxproj", "{5DFC8016-651C-422D-B0AB-4741CC11FFCE}"
EndProject
Project("{8BC9CEB8-8B4A-11D0-8D11-00A0C91BC942}") = "Bai025", "Bai025\Bai025.vcxproj", "{F9A39871-E3AA-4409-9219-9CAA66A1A1E3}"
EndProject
Project("{8BC9CEB8-8B4A-11D0-8D11-00A0C91BC942}") = "Bai026", "Bai026\Bai026.vcxproj", "{4E88102D-53FE-494B-9890-DC6AAA456D6F}"
EndProject
Project("{8BC9CEB8-8B4A-11D0-8D11-00A0C91BC942}") = "Bai027", "Bai027\Bai027.vcxproj", "{4CC52916-9641-4185-9FD8-7D0BBAE733EC}"
EndProject
Project("{8BC9CEB8-8B4A-11D0-8D11-00A0C91BC942}") = "Bai028", "Bai028\Bai028.vcxproj", "{C776D224-149C-44B7-89AE-05B5B57C8DD2}"
EndProject
Project("{8BC9CEB8-8B4A-11D0-8D11-00A0C91BC942}") = "Bai029", "Bai029\Bai029.vcxproj", "{194186AF-BC0A-46F5-A909-96D4CF2D88A6}"
EndProject
Project("{8BC9CEB8-8B4A-11D0-8D11-00A0C91BC942}") = "Bai030", "Bai030\Bai030.vcxproj", "{0B5EAFE7-5F9C-43D4-AD71-63261DBBC5E5}"
EndProject
Project("{8BC9CEB8-8B4A-11D0-8D11-00A0C91BC942}") = "Bai031", "Bai031\Bai031.vcxproj", "{99B5C803-A6DB-403B-9D69-BFC621599F21}"
EndProject
Project("{8BC9CEB8-8B4A-11D0-8D11-00A0C91BC942}") = "Bai032", "Bai032\Bai032.vcxproj", "{304EA9F7-EF2C-4060-8747-D78D06B312E9}"
EndProject
Project("{8BC9CEB8-8B4A-11D0-8D11-00A0C91BC942}") = "Bai033", "Bai033\Bai033.vcxproj", "{04E4FA0F-ACF2-42E0-8B50-BE87FDF9AA24}"
EndProject
Project("{8BC9CEB8-8B4A-11D0-8D11-00A0C91BC942}") = "Bai034", "Bai034\Bai034.vcxproj", "{790FF441-4F5C-4BB3-B554-D5B2702F4F22}"
EndProject
Project("{8BC9CEB8-8B4A-11D0-8D11-00A0C91BC942}") = "Bai035", "Bai035\Bai035.vcxproj", "{FF22F90B-1A49-4049-A0DC-7F4B68E77B5C}"
EndProject
Project("{8BC9CEB8-8B4A-11D0-8D11-00A0C91BC942}") = "Bai036", "Bai036\Bai036.vcxproj", "{2ABA8BE9-6D19-459A-BCF0-E125B26DB409}"
EndProject
Project("{8BC9CEB8-8B4A-11D0-8D11-00A0C91BC942}") = "Bai037", "Bai037\Bai037.vcxproj", "{88CC4B2E-42E1-4D91-A08B-4A04D417803A}"
EndProject
Project("{8BC9CEB8-8B4A-11D0-8D11-00A0C91BC942}") = "Bai038", "Bai038\Bai038.vcxproj", "{8EF377BB-EA52-412A-B1D6-CCAEA1118A6A}"
EndProject
Project("{8BC9CEB8-8B4A-11D0-8D11-00A0C91BC942}") = "Bai039", "Bai039\Bai039.vcxproj", "{52B15CE0-D210-47F6-9FD2-F3BCCAE6650B}"
EndProject
Project("{8BC9CEB8-8B4A-11D0-8D11-00A0C91BC942}") = "Bai040", "Bai040\Bai040.vcxproj", "{DFFD414B-CE9B-4D31-B306-172446EDB1B9}"
EndProject
Project("{8BC9CEB8-8B4A-11D0-8D11-00A0C91BC942}") = "Bai041", "Bai041\Bai041.vcxproj", "{43C71BD2-B3CD-4AF3-83CD-7E51A889FF02}"
EndProject
Project("{8BC9CEB8-8B4A-11D0-8D11-00A0C91BC942}") = "Bai042", "Bai042\Bai042.vcxproj", "{0C182308-A4B3-40A2-9E29-F4D1CEAFD60F}"
EndProject
Global
	GlobalSection(SolutionConfigurationPlatforms) = preSolution
		Debug|x64 = Debug|x64
		Debug|x86 = Debug|x86
		Release|x64 = Release|x64
		Release|x86 = Release|x86
	EndGlobalSection
	GlobalSection(ProjectConfigurationPlatforms) = postSolution
		{BD4C2016-00BD-48E4-95B9-9CBC39A08F31}.Debug|x64.ActiveCfg = Debug|x64
		{BD4C2016-00BD-48E4-95B9-9CBC39A08F31}.Debug|x64.Build.0 = Debug|x64
		{BD4C2016-00BD-48E4-95B9-9CBC39A08F31}.Debug|x86.ActiveCfg = Debug|Win32
		{BD4C2016-00BD-48E4-95B9-9CBC39A08F31}.Debug|x86.Build.0 = Debug|Win32
		{BD4C2016-00BD-48E4-95B9-9CBC39A08F31}.Release|x64.ActiveCfg = Release|x64
		{BD4C2016-00BD-48E4-95B9-9CBC39A08F31}.Release|x64.Build.0 = Release|x64
		{BD4C2016-00BD-48E4-95B9-9CBC39A08F31}.Release|x86.ActiveCfg = Release|Win32
		{BD4C2016-00BD-48E4-95B9-9CBC39A08F31}.Release|x86.Build.0 = Release|Win32
		{BCF956C1-1A6A-4BCA-83C0-479633B38BB7}.Debug|x64.ActiveCfg = Debug|x64
		{BCF956C1-1A6A-4BCA-83C0-479633B38BB7}.Debug|x64.Build.0 = Debug|x64
		{BCF956C1-1A6A-4BCA-83C0-479633B38BB7}.Debug|x86.ActiveCfg = Debug|Win32
		{BCF956C1-1A6A-4BCA-83C0-479633B38BB7}.Debug|x86.Build.0 = Debug|Win32
		{BCF956C1-1A6A-4BCA-83C0-479633B38BB7}.Release|x64.ActiveCfg = Release|x64
		{BCF956C1-1A6A-4BCA-83C0-479633B38BB7}.Release|x64.Build.0 = Release|x64
		{BCF956C1-1A6A-4BCA-83C0-479633B38BB7}.Release|x86.ActiveCfg = Release|Win32
		{BCF956C1-1A6A-4BCA-83C0-479633B38BB7}.Release|x86.Build.0 = Release|Win32
		{101C189D-6438-4100-846F-4E4493D84847}.Debug|x64.ActiveCfg = Debug|x64
		{101C189D-6438-4100-846F-4E4493D84847}.Debug|x64.Build.0 = Debug|x64
		{101C189D-6438-4100-846F-4E4493D84847}.Debug|x86.ActiveCfg = Debug|Win32
		{101C189D-6438-4100-846F-4E4493D84847}.Debug|x86.Build.0 = Debug|Win32
		{101C189D-6438-4100-846F-4E4493D84847}.Release|x64.ActiveCfg = Release|x64
		{101C189D-6438-4100-846F-4E4493D84847}.Release|x64.Build.0 = Release|x64
		{101C189D-6438-4100-846F-4E4493D84847}.Release|x86.ActiveCfg = Release|Win32
		{101C189D-6438-4100-846F-4E4493D84847}.Release|x86.Build.0 = Release|Win32
		{764560CC-E505-4112-AB80-E44676107CDD}.Debug|x64.ActiveCfg = Debug|x64
		{764560CC-E505-4112-AB80-E44676107CDD}.Debug|x64.Build.0 = Debug|x64
		{764560CC-E505-4112-AB80-E44676107CDD}.Debug|x86.ActiveCfg = Debug|Win32
		{764560CC-E505-4112-AB80-E44676107CDD}.Debug|x86.Build.0 = Debug|Win32
		{764560CC-E505-4112-AB80-E44676107CDD}.Release|x64.ActiveCfg = Release|x64
		{764560CC-E505-4112-AB80-E44676107CDD}.Release|x64.Build.0 = Release|x64
		{764560CC-E505-4112-AB80-E44676107CDD}.Release|x86.ActiveCfg = Release|Win32
		{764560CC-E505-4112-AB80-E44676107CDD}.Release|x86.Build.0 = Release|Win32
		{9D2FE2A3-78AA-4F5A-BE2F-ACC0AA6707C0}.Debug|x64.ActiveCfg = Debug|x64
		{9D2FE2A3-78AA-4F5A-BE2F-ACC0AA6707C0}.Debug|x64.Build.0 = Debug|x64
		{9D2FE2A3-78AA-4F5A-BE2F-ACC0AA6707C0}.Debug|x86.ActiveCfg = Debug|Win32
		{9D2FE2A3-78AA-4F5A-BE2F-ACC0AA6707C0}.Debug|x86.Build.0 = Debug|Win32
		{9D2FE2A3-78AA-4F5A-BE2F-ACC0AA6707C0}.Release|x64.ActiveCfg = Release|x64
		{9D2FE2A3-78AA-4F5A-BE2F-ACC0AA6707C0}.Release|x64.Build.0 = Release|x64
		{9D2FE2A3-78AA-4F5A-BE2F-ACC0AA6707C0}.Release|x86.ActiveCfg = Release|Win32
		{9D2FE2A3-78AA-4F5A-BE2F-ACC0AA6707C0}.Release|x86.Build.0 = Release|Win32
		{9703034D-EE6F-4721-BFB0-A12FCEA8F623}.Debug|x64.ActiveCfg = Debug|x64
		{9703034D-EE6F-4721-BFB0-A12FCEA8F623}.Debug|x64.Build.0 = Debug|x64
		{9703034D-EE6F-4721-BFB0-A12FCEA8F623}.Debug|x86.ActiveCfg = Debug|Win32
		{9703034D-EE6F-4721-BFB0-A12FCEA8F623}.Debug|x86.Build.0 = Debug|Win32
		{9703034D-EE6F-4721-BFB0-A12FCEA8F623}.Release|x64.ActiveCfg = Release|x64
		{9703034D-EE6F-4721-BFB0-A12FCEA8F623}.Release|x64.Build.0 = Release|x64
		{9703034D-EE6F-4721-BFB0-A12FCEA8F623}.Release|x86.ActiveCfg = Release|Win32
		{9703034D-EE6F-4721-BFB0-A12FCEA8F623}.Release|x86.Build.0 = Release|Win32
		{1D240C16-1ECA-4435-946A-732283623D22}.Debug|x64.ActiveCfg = Debug|x64
		{1D240C16-1ECA-4435-946A-732283623D22}.Debug|x64.Build.0 = Debug|x64
		{1D240C16-1ECA-4435-946A-732283623D22}.Debug|x86.ActiveCfg = Debug|Win32
		{1D240C16-1ECA-4435-946A-732283623D22}.Debug|x86.Build.0 = Debug|Win32
		{1D240C16-1ECA-4435-946A-732283623D22}.Release|x64.ActiveCfg = Release|x64
		{1D240C16-1ECA-4435-946A-732283623D22}.Release|x64.Build.0 = Release|x64
		{1D240C16-1ECA-4435-946A-732283623D22}.Release|x86.ActiveCfg = Release|Win32
		{1D240C16-1ECA-4435-946A-732283623D22}.Release|x86.Build.0 = Release|Win32
		{C3CE5365-4F32-4828-BF8C-2B3F837F1615}.Debug|x64.ActiveCfg = Debug|x64
		{C3CE5365-4F32-4828-BF8C-2B3F837F1615}.Debug|x64.Build.0 = Debug|x64
		{C3CE5365-4F32-4828-BF8C-2B3F837F1615}.Debug|x86.ActiveCfg = Debug|Win32
		{C3CE5365-4F32-4828-BF8C-2B3F837F1615}.Debug|x86.Build.0 = Debug|Win32
		{C3CE5365-4F32-4828-BF8C-2B3F837F1615}.Release|x64.ActiveCfg = Release|x64
		{C3CE5365-4F32-4828-BF8C-2B3F837F1615}.Release|x64.Build.0 = Release|x64
		{C3CE5365-4F32-4828-BF8C-2B3F837F1615}.Release|x86.ActiveCfg = Release|Win32
		{C3CE5365-4F32-4828-BF8C-2B3F837F1615}.Release|x86.Build.0 = Release|Win32
		{DD5CD944-74D4-4054-9B06-117B80906C54}.Debug|x64.ActiveCfg = Debug|x64
		{DD5CD944-74D4-4054-9B06-117B80906C54}.Debug|x64.Build.0 = Debug|x64
		{DD5CD944-74D4-4054-9B06-117B80906C54}.Debug|x86.ActiveCfg = Debug|Win32
		{DD5CD944-74D4-4054-9B06-117B80906C54}.Debug|x86.Build.0 = Debug|Win32
		{DD5CD944-74D4-4054-9B06-117B80906C54}.Release|x64.ActiveCfg = Release|x64
		{DD5CD944-74D4-4054-9B06-117B80906C54}.Release|x64.Build.0 = Release|x64
		{DD5CD944-74D4-4054-9B06-117B80906C54}.Release|x86.ActiveCfg = Release|Win32
		{DD5CD944-74D4-4054-9B06-117B80906C54}.Release|x86.Build.0 = Release|Win32
		{1CC523C5-18FA-4813-91E2-C7F94192A34B}.Debug|x64.ActiveCfg = Debug|x64
		{1CC523C5-18FA-4813-91E2-C7F94192A34B}.Debug|x64.Build.0 = Debug|x64
		{1CC523C5-18FA-4813-91E2-C7F94192A34B}.Debug|x86.ActiveCfg = Debug|Win32
		{1CC523C5-18FA-4813-91E2-C7F94192A34B}.Debug|x86.Build.0 = Debug|Win32
		{1CC523C5-18FA-4813-91E2-C7F94192A34B}.Release|x64.ActiveCfg = Release|x64
		{1CC523C5-18FA-4813-91E2-C7F94192A34B}.Release|x64.Build.0 = Release|x64
		{1CC523C5-18FA-4813-91E2-C7F94192A34B}.Release|x86.ActiveCfg = Release|Win32
		{1CC523C5-18FA-4813-91E2-C7F94192A34B}.Release|x86.Build.0 = Release|Win32
		{AEFF5531-C0CD-4897-AF31-BDE264497B70}.Debug|x64.ActiveCfg = Debug|x64
		{AEFF5531-C0CD-4897-AF31-BDE264497B70}.Debug|x64.Build.0 = Debug|x64
		{AEFF5531-C0CD-4897-AF31-BDE264497B70}.Debug|x86.ActiveCfg = Debug|Win32
		{AEFF5531-C0CD-4897-AF31-BDE264497B70}.Debug|x86.Build.0 = Debug|Win32
		{AEFF5531-C0CD-4897-AF31-BDE264497B70}.Release|x64.ActiveCfg = Release|x64
		{AEFF5531-C0CD-4897-AF31-BDE264497B70}.Release|x64.Build.0 = Release|x64
		{AEFF5531-C0CD-4897-AF31-BDE264497B70}.Release|x86.ActiveCfg = Release|Win32
		{AEFF5531-C0CD-4897-AF31-BDE264497B70}.Release|x86.Build.0 = Release|Win32
		{014472DF-57B3-4541-8004-989FB3EC8837}.Debug|x64.ActiveCfg = Debug|x64
		{014472DF-57B3-4541-8004-989FB3EC8837}.Debug|x64.Build.0 = Debug|x64
		{014472DF-57B3-4541-8004-989FB3EC8837}.Debug|x86.ActiveCfg = Debug|Win32
		{014472DF-57B3-4541-8004-989FB3EC8837}.Debug|x86.Build.0 = Debug|Win32
		{014472DF-57B3-4541-8004-989FB3EC8837}.Release|x64.ActiveCfg = Release|x64
		{014472DF-57B3-4541-8004-989FB3EC8837}.Release|x64.Build.0 = Release|x64
		{014472DF-57B3-4541-8004-989FB3EC8837}.Release|x86.ActiveCfg = Release|Win32
		{014472DF-57B3-4541-8004-989FB3EC8837}.Release|x86.Build.0 = Release|Win32
		{1E73F704-7FE9-4552-8B13-E857B0E1117A}.Debug|x64.ActiveCfg = Debug|x64
		{1E73F704-7FE9-4552-8B13-E857B0E1117A}.Debug|x64.Build.0 = Debug|x64
		{1E73F704-7FE9-4552-8B13-E857B0E1117A}.Debug|x86.ActiveCfg = Debug|Win32
		{1E73F704-7FE9-4552-8B13-E857B0E1117A}.Debug|x86.Build.0 = Debug|Win32
		{1E73F704-7FE9-4552-8B13-E857B0E1117A}.Release|x64.ActiveCfg = Release|x64
		{1E73F704-7FE9-4552-8B13-E857B0E1117A}.Release|x64.Build.0 = Release|x64
		{1E73F704-7FE9-4552-8B13-E857B0E1117A}.Release|x86.ActiveCfg = Release|Win32
		{1E73F704-7FE9-4552-8B13-E857B0E1117A}.Release|x86.Build.0 = Release|Win32
		{B7805B8D-DED5-48E8-B39B-9E3207145CFE}.Debug|x64.ActiveCfg = Debug|x64
		{B7805B8D-DED5-48E8-B39B-9E3207145CFE}.Debug|x64.Build.0 = Debug|x64
		{B7805B8D-DED5-48E8-B39B-9E3207145CFE}.Debug|x86.ActiveCfg = Debug|Win32
		{B7805B8D-DED5-48E8-B39B-9E3207145CFE}.Debug|x86.Build.0 = Debug|Win32
		{B7805B8D-DED5-48E8-B39B-9E3207145CFE}.Release|x64.ActiveCfg = Release|x64
		{B7805B8D-DED5-48E8-B39B-9E3207145CFE}.Release|x64.Build.0 = Release|x64
		{B7805B8D-DED5-48E8-B39B-9E3207145CFE}.Release|x86.ActiveCfg = Release|Win32
		{B7805B8D-DED5-48E8-B39B-9E3207145CFE}.Release|x86.Build.0 = Release|Win32
		{42AECB0A-FE92-414F-B792-AC12DCEC157D}.Debug|x64.ActiveCfg = Debug|x64
		{42AECB0A-FE92-414F-B792-AC12DCEC157D}.Debug|x64.Build.0 = Debug|x64
		{42AECB0A-FE92-414F-B792-AC12DCEC157D}.Debug|x86.ActiveCfg = Debug|Win32
		{42AECB0A-FE92-414F-B792-AC12DCEC157D}.Debug|x86.Build.0 = Debug|Win32
		{42AECB0A-FE92-414F-B792-AC12DCEC157D}.Release|x64.ActiveCfg = Release|x64
		{42AECB0A-FE92-414F-B792-AC12DCEC157D}.Release|x64.Build.0 = Release|x64
		{42AECB0A-FE92-414F-B792-AC12DCEC157D}.Release|x86.ActiveCfg = Release|Win32
		{42AECB0A-FE92-414F-B792-AC12DCEC157D}.Release|x86.Build.0 = Release|Win32
		{CBE51BEF-1BA5-49C2-AAF4-2D01AA5EDE66}.Debug|x64.ActiveCfg = Debug|x64
		{CBE51BEF-1BA5-49C2-AAF4-2D01AA5EDE66}.Debug|x64.Build.0 = Debug|x64
		{CBE51BEF-1BA5-49C2-AAF4-2D01AA5EDE66}.Debug|x86.ActiveCfg = Debug|Win32
		{CBE51BEF-1BA5-49C2-AAF4-2D01AA5EDE66}.Debug|x86.Build.0 = Debug|Win32
		{CBE51BEF-1BA5-49C2-AAF4-2D01AA5EDE66}.Release|x64.ActiveCfg = Release|x64
		{CBE51BEF-1BA5-49C2-AAF4-2D01AA5EDE66}.Release|x64.Build.0 = Release|x64
		{CBE51BEF-1BA5-49C2-AAF4-2D01AA5EDE66}.Release|x86.ActiveCfg = Release|Win32
		{CBE51BEF-1BA5-49C2-AAF4-2D01AA5EDE66}.Release|x86.Build.0 = Release|Win32
		{2317231C-2176-4F51-B1CE-14636243608B}.Debug|x64.ActiveCfg = Debug|x64
		{2317231C-2176-4F51-B1CE-14636243608B}.Debug|x64.Build.0 = Debug|x64
		{2317231C-2176-4F51-B1CE-14636243608B}.Debug|x86.ActiveCfg = Debug|Win32
		{2317231C-2176-4F51-B1CE-14636243608B}.Debug|x86.Build.0 = Debug|Win32
		{2317231C-2176-4F51-B1CE-14636243608B}.Release|x64.ActiveCfg = Release|x64
		{2317231C-2176-4F51-B1CE-14636243608B}.Release|x64.Build.0 = Release|x64
		{2317231C-2176-4F51-B1CE-14636243608B}.Release|x86.ActiveCfg = Release|Win32
		{2317231C-2176-4F51-B1CE-14636243608B}.Release|x86.Build.0 = Release|Win32
		{40F2B8BD-8F05-42B8-B375-A88A795FC59B}.Debug|x64.ActiveCfg = Debug|x64
		{40F2B8BD-8F05-42B8-B375-A88A795FC59B}.Debug|x64.Build.0 = Debug|x64
		{40F2B8BD-8F05-42B8-B375-A88A795FC59B}.Debug|x86.ActiveCfg = Debug|Win32
		{40F2B8BD-8F05-42B8-B375-A88A795FC59B}.Debug|x86.Build.0 = Debug|Win32
		{40F2B8BD-8F05-42B8-B375-A88A795FC59B}.Release|x64.ActiveCfg = Release|x64
		{40F2B8BD-8F05-42B8-B375-A88A795FC59B}.Release|x64.Build.0 = Release|x64
		{40F2B8BD-8F05-42B8-B375-A88A795FC59B}.Release|x86.ActiveCfg = Release|Win32
		{40F2B8BD-8F05-42B8-B375-A88A795FC59B}.Release|x86.Build.0 = Release|Win32
		{8CE59F76-0B86-493D-A478-596988F68097}.Debug|x64.ActiveCfg = Debug|x64
		{8CE59F76-0B86-493D-A478-596988F68097}.Debug|x64.Build.0 = Debug|x64
		{8CE59F76-0B86-493D-A478-596988F68097}.Debug|x86.ActiveCfg = Debug|Win32
		{8CE59F76-0B86-493D-A478-596988F68097}.Debug|x86.Build.0 = Debug|Win32
		{8CE59F76-0B86-493D-A478-596988F68097}.Release|x64.ActiveCfg = Release|x64
		{8CE59F76-0B86-493D-A478-596988F68097}.Release|x64.Build.0 = Release|x64
		{8CE59F76-0B86-493D-A478-596988F68097}.Release|x86.ActiveCfg = Release|Win32
		{8CE59F76-0B86-493D-A478-596988F68097}.Release|x86.Build.0 = Release|Win32
		{13595CAB-11BD-4324-91F0-1BBC4F134573}.Debug|x64.ActiveCfg = Debug|x64
		{13595CAB-11BD-4324-91F0-1BBC4F134573}.Debug|x64.Build.0 = Debug|x64
		{13595CAB-11BD-4324-91F0-1BBC4F134573}.Debug|x86.ActiveCfg = Debug|Win32
		{13595CAB-11BD-4324-91F0-1BBC4F134573}.Debug|x86.Build.0 = Debug|Win32
		{13595CAB-11BD-4324-91F0-1BBC4F134573}.Release|x64.ActiveCfg = Release|x64
		{13595CAB-11BD-4324-91F0-1BBC4F134573}.Release|x64.Build.0 = Release|x64
		{13595CAB-11BD-4324-91F0-1BBC4F134573}.Release|x86.ActiveCfg = Release|Win32
		{13595CAB-11BD-4324-91F0-1BBC4F134573}.Release|x86.Build.0 = Release|Win32
		{93BD57A8-D866-4CA1-9A6E-199F076DE47C}.Debug|x64.ActiveCfg = Debug|x64
		{93BD57A8-D866-4CA1-9A6E-199F076DE47C}.Debug|x64.Build.0 = Debug|x64
		{93BD57A8-D866-4CA1-9A6E-199F076DE47C}.Debug|x86.ActiveCfg = Debug|Win32
		{93BD57A8-D866-4CA1-9A6E-199F076DE47C}.Debug|x86.Build.0 = Debug|Win32
		{93BD57A8-D866-4CA1-9A6E-199F076DE47C}.Release|x64.ActiveCfg = Release|x64
		{93BD57A8-D866-4CA1-9A6E-199F076DE47C}.Release|x64.Build.0 = Release|x64
		{93BD57A8-D866-4CA1-9A6E-199F076DE47C}.Release|x86.ActiveCfg = Release|Win32
		{93BD57A8-D866-4CA1-9A6E-199F076DE47C}.Release|x86.Build.0 = Release|Win32
		{6D1A5866-A56A-41D7-9795-859F46A44041}.Debug|x64.ActiveCfg = Debug|x64
		{6D1A5866-A56A-41D7-9795-859F46A44041}.Debug|x64.Build.0 = Debug|x64
		{6D1A5866-A56A-41D7-9795-859F46A44041}.Debug|x86.ActiveCfg = Debug|Win32
		{6D1A5866-A56A-41D7-9795-859F46A44041}.Debug|x86.Build.0 = Debug|Win32
		{6D1A5866-A56A-41D7-9795-859F46A44041}.Release|x64.ActiveCfg = Release|x64
		{6D1A5866-A56A-41D7-9795-859F46A44041}.Release|x64.Build.0 = Release|x64
		{6D1A5866-A56A-41D7-9795-859F46A44041}.Release|x86.ActiveCfg = Release|Win32
		{6D1A5866-A56A-41D7-9795-859F46A44041}.Release|x86.Build.0 = Release|Win32
		{14BC8E66-7EC5-43C2-9706-47F067F74171}.Debug|x64.ActiveCfg = Debug|x64
		{14BC8E66-7EC5-43C2-9706-47F067F74171}.Debug|x64.Build.0 = Debug|x64
		{14BC8E66-7EC5-43C2-9706-47F067F74171}.Debug|x86.ActiveCfg = Debug|Win32
		{14BC8E66-7EC5-43C2-9706-47F067F74171}.Debug|x86.Build.0 = Debug|Win32
		{14BC8E66-7EC5-43C2-9706-47F067F74171}.Release|x64.ActiveCfg = Release|x64
		{14BC8E66-7EC5-43C2-9706-47F067F74171}.Release|x64.Build.0 = Release|x64
		{14BC8E66-7EC5-43C2-9706-47F067F74171}.Release|x86.ActiveCfg = Release|Win32
		{14BC8E66-7EC5-43C2-9706-47F067F74171}.Release|x86.Build.0 = Release|Win32
		{5DFC8016-651C-422D-B0AB-4741CC11FFCE}.Debug|x64.ActiveCfg = Debug|x64
		{5DFC8016-651C-422D-B0AB-4741CC11FFCE}.Debug|x64.Build.0 = Debug|x64
		{5DFC8016-651C-422D-B0AB-4741CC11FFCE}.Debug|x86.ActiveCfg = Debug|Win32
		{5DFC8016-651C-422D-B0AB-4741CC11FFCE}.Debug|x86.Build.0 = Debug|Win32
		{5DFC8016-651C-422D-B0AB-4741CC11FFCE}.Release|x64.ActiveCfg = Release|x64
		{5DFC8016-651C-422D-B0AB-4741CC11FFCE}.Release|x64.Build.0 = Release|x64
		{5DFC8016-651C-422D-B0AB-4741CC11FFCE}.Release|x86.ActiveCfg = Release|Win32
		{5DFC8016-651C-422D-B0AB-4741CC11FFCE}.Release|x86.Build.0 = Release|Win32
		{F9A39871-E3AA-4409-9219-9CAA66A1A1E3}.Debug|x64.ActiveCfg = Debug|x64
		{F9A39871-E3AA-4409-9219-9CAA66A1A1E3}.Debug|x64.Build.0 = Debug|x64
		{F9A39871-E3AA-4409-9219-9CAA66A1A1E3}.Debug|x86.ActiveCfg = Debug|Win32
		{F9A39871-E3AA-4409-9219-9CAA66A1A1E3}.Debug|x86.Build.0 = Debug|Win32
		{F9A39871-E3AA-4409-9219-9CAA66A1A1E3}.Release|x64.ActiveCfg = Release|x64
		{F9A39871-E3AA-4409-9219-9CAA66A1A1E3}.Release|x64.Build.0 = Release|x64
		{F9A39871-E3AA-4409-9219-9CAA66A1A1E3}.Release|x86.ActiveCfg = Release|Win32
		{F9A39871-E3AA-4409-9219-9CAA66A1A1E3}.Release|x86.Build.0 = Release|Win32
		{4E88102D-53FE-494B-9890-DC6AAA456D6F}.Debug|x64.ActiveCfg = Debug|x64
		{4E88102D-53FE-494B-9890-DC6AAA456D6F}.Debug|x64.Build.0 = Debug|x64
		{4E88102D-53FE-494B-9890-DC6AAA456D6F}.Debug|x86.ActiveCfg = Debug|Win32
		{4E88102D-53FE-494B-9890-DC6AAA456D6F}.Debug|x86.Build.0 = Debug|Win32
		{4E88102D-53FE-494B-9890-DC6AAA456D6F}.Release|x64.ActiveCfg = Release|x64
		{4E88102D-53FE-494B-9890-DC6AAA456D6F}.Release|x64.Build.0 = Release|x64
		{4E88102D-53FE-494B-9890-DC6AAA456D6F}.Release|x86.ActiveCfg = Release|Win32
		{4E88102D-53FE-494B-9890-DC6AAA456D6F}.Release|x86.Build.0 = Release|Win32
		{4CC52916-9641-4185-9FD8-7D0BBAE733EC}.Debug|x64.ActiveCfg = Debug|x64
		{4CC52916-9641-4185-9FD8-7D0BBAE733EC}.Debug|x64.Build.0 = Debug|x64
		{4CC52916-9641-4185-9FD8-7D0BBAE733EC}.Debug|x86.ActiveCfg = Debug|Win32
		{4CC52916-9641-4185-9FD8-7D0BBAE733EC}.Debug|x86.Build.0 = Debug|Win32
		{4CC52916-9641-4185-9FD8-7D0BBAE733EC}.Release|x64.ActiveCfg = Release|x64
		{4CC52916-9641-4185-9FD8-7D0BBAE733EC}.Release|x64.Build.0 = Release|x64
		{4CC52916-9641-4185-9FD8-7D0BBAE733EC}.Release|x86.ActiveCfg = Release|Win32
		{4CC52916-9641-4185-9FD8-7D0BBAE733EC}.Release|x86.Build.0 = Release|Win32
		{C776D224-149C-44B7-89AE-05B5B57C8DD2}.Debug|x64.ActiveCfg = Debug|x64
		{C776D224-149C-44B7-89AE-05B5B57C8DD2}.Debug|x64.Build.0 = Debug|x64
		{C776D224-149C-44B7-89AE-05B5B57C8DD2}.Debug|x86.ActiveCfg = Debug|Win32
		{C776D224-149C-44B7-89AE-05B5B57C8DD2}.Debug|x86.Build.0 = Debug|Win32
		{C776D224-149C-44B7-89AE-05B5B57C8DD2}.Release|x64.ActiveCfg = Release|x64
		{C776D224-149C-44B7-89AE-05B5B57C8DD2}.Release|x64.Build.0 = Release|x64
		{C776D224-149C-44B7-89AE-05B5B57C8DD2}.Release|x86.ActiveCfg = Release|Win32
		{C776D224-149C-44B7-89AE-05B5B57C8DD2}.Release|x86.Build.0 = Release|Win32
		{194186AF-BC0A-46F5-A909-96D4CF2D88A6}.Debug|x64.ActiveCfg = Debug|x64
		{194186AF-BC0A-46F5-A909-96D4CF2D88A6}.Debug|x64.Build.0 = Debug|x64
		{194186AF-BC0A-46F5-A909-96D4CF2D88A6}.Debug|x86.ActiveCfg = Debug|Win32
		{194186AF-BC0A-46F5-A909-96D4CF2D88A6}.Debug|x86.Build.0 = Debug|Win32
		{194186AF-BC0A-46F5-A909-96D4CF2D88A6}.Release|x64.ActiveCfg = Release|x64
		{194186AF-BC0A-46F5-A909-96D4CF2D88A6}.Release|x64.Build.0 = Release|x64
		{194186AF-BC0A-46F5-A909-96D4CF2D88A6}.Release|x86.ActiveCfg = Release|Win32
		{194186AF-BC0A-46F5-A909-96D4CF2D88A6}.Release|x86.Build.0 = Release|Win32
		{0B5EAFE7-5F9C-43D4-AD71-63261DBBC5E5}.Debug|x64.ActiveCfg = Debug|x64
		{0B5EAFE7-5F9C-43D4-AD71-63261DBBC5E5}.Debug|x64.Build.0 = Debug|x64
		{0B5EAFE7-5F9C-43D4-AD71-63261DBBC5E5}.Debug|x86.ActiveCfg = Debug|Win32
		{0B5EAFE7-5F9C-43D4-AD71-63261DBBC5E5}.Debug|x86.Build.0 = Debug|Win32
		{0B5EAFE7-5F9C-43D4-AD71-63261DBBC5E5}.Release|x64.ActiveCfg = Release|x64
		{0B5EAFE7-5F9C-43D4-AD71-63261DBBC5E5}.Release|x64.Build.0 = Release|x64
		{0B5EAFE7-5F9C-43D4-AD71-63261DBBC5E5}.Release|x86.ActiveCfg = Release|Win32
		{0B5EAFE7-5F9C-43D4-AD71-63261DBBC5E5}.Release|x86.Build.0 = Release|Win32
		{99B5C803-A6DB-403B-9D69-BFC621599F21}.Debug|x64.ActiveCfg = Debug|x64
		{99B5C803-A6DB-403B-9D69-BFC621599F21}.Debug|x64.Build.0 = Debug|x64
		{99B5C803-A6DB-403B-9D69-BFC621599F21}.Debug|x86.ActiveCfg = Debug|Win32
		{99B5C803-A6DB-403B-9D69-BFC621599F21}.Debug|x86.Build.0 = Debug|Win32
		{99B5C803-A6DB-403B-9D69-BFC621599F21}.Release|x64.ActiveCfg = Release|x64
		{99B5C803-A6DB-403B-9D69-BFC621599F21}.Release|x64.Build.0 = Release|x64
		{99B5C803-A6DB-403B-9D69-BFC621599F21}.Release|x86.ActiveCfg = Release|Win32
		{99B5C803-A6DB-403B-9D69-BFC621599F21}.Release|x86.Build.0 = Release|Win32
		{304EA9F7-EF2C-4060-8747-D78D06B312E9}.Debug|x64.ActiveCfg = Debug|x64
		{304EA9F7-EF2C-4060-8747-D78D06B312E9}.Debug|x64.Build.0 = Debug|x64
		{304EA9F7-EF2C-4060-8747-D78D06B312E9}.Debug|x86.ActiveCfg = Debug|Win32
		{304EA9F7-EF2C-4060-8747-D78D06B312E9}.Debug|x86.Build.0 = Debug|Win32
		{304EA9F7-EF2C-4060-8747-D78D06B312E9}.Release|x64.ActiveCfg = Release|x64
		{304EA9F7-EF2C-4060-8747-D78D06B312E9}.Release|x64.Build.0 = Release|x64
		{304EA9F7-EF2C-4060-8747-D78D06B312E9}.Release|x86.ActiveCfg = Release|Win32
		{304EA9F7-EF2C-4060-8747-D78D06B312E9}.Release|x86.Build.0 = Release|Win32
		{04E4FA0F-ACF2-42E0-8B50-BE87FDF9AA24}.Debug|x64.ActiveCfg = Debug|x64
		{04E4FA0F-ACF2-42E0-8B50-BE87FDF9AA24}.Debug|x64.Build.0 = Debug|x64
		{04E4FA0F-ACF2-42E0-8B50-BE87FDF9AA24}.Debug|x86.ActiveCfg = Debug|Win32
		{04E4FA0F-ACF2-42E0-8B50-BE87FDF9AA24}.Debug|x86.Build.0 = Debug|Win32
		{04E4FA0F-ACF2-42E0-8B50-BE87FDF9AA24}.Release|x64.ActiveCfg = Release|x64
		{04E4FA0F-ACF2-42E0-8B50-BE87FDF9AA24}.Release|x64.Build.0 = Release|x64
		{04E4FA0F-ACF2-42E0-8B50-BE87FDF9AA24}.Release|x86.ActiveCfg = Release|Win32
		{04E4FA0F-ACF2-42E0-8B50-BE87FDF9AA24}.Release|x86.Build.0 = Release|Win32
		{790FF441-4F5C-4BB3-B554-D5B2702F4F22}.Debug|x64.ActiveCfg = Debug|x64
		{790FF441-4F5C-4BB3-B554-D5B2702F4F22}.Debug|x64.Build.0 = Debug|x64
		{790FF441-4F5C-4BB3-B554-D5B2702F4F22}.Debug|x86.ActiveCfg = Debug|Win32
		{790FF441-4F5C-4BB3-B554-D5B2702F4F22}.Debug|x86.Build.0 = Debug|Win32
		{790FF441-4F5C-4BB3-B554-D5B2702F4F22}.Release|x64.ActiveCfg = Release|x64
		{790FF441-4F5C-4BB3-B554-D5B2702F4F22}.Release|x64.Build.0 = Release|x64
		{790FF441-4F5C-4BB3-B554-D5B2702F4F22}.Release|x86.ActiveCfg = Release|Win32
		{790FF441-4F5C-4BB3-B554-D5B2702F4F22}.Release|x86.Build.0 = Release|Win32
		{FF22F90B-1A49-4049-A0DC-7F4B68E77B5C}.Debug|x64.ActiveCfg = Debug|x64
		{FF22F90B-1A49-4049-A0DC-7F4B68E77B5C}.Debug|x64.Build.0 = Debug|x64
		{FF22F90B-1A49-4049-A0DC-7F4B68E77B5C}.Debug|x86.ActiveCfg = Debug|Win32
		{FF22F90B-1A49-4049-A0DC-7F4B68E77B5C}.Debug|x86.Build.0 = Debug|Win32
		{FF22F90B-1A49-4049-A0DC-7F4B68E77B5C}.Release|x64.ActiveCfg = Release|x64
		{FF22F90B-1A49-4049-A0DC-7F4B68E77B5C}.Release|x64.Build.0 = Release|x64
		{FF22F90B-1A49-4049-A0DC-7F4B68E77B5C}.Release|x86.ActiveCfg = Release|Win32
		{FF22F90B-1A49-4049-A0DC-7F4B68E77B5C}.Release|x86.Build.0 = Release|Win32
		{2ABA8BE9-6D19-459A-BCF0-E125B26DB409}.Debug|x64.ActiveCfg = Debug|x64
		{2ABA8BE9-6D19-459A-BCF0-E125B26DB409}.Debug|x64.Build.0 = Debug|x64
		{2ABA8BE9-6D19-459A-BCF0-E125B26DB409}.Debug|x86.ActiveCfg = Debug|Win32
		{2ABA8BE9-6D19-459A-BCF0-E125B26DB409}.Debug|x86.Build.0 = Debug|Win32
		{2ABA8BE9-6D19-459A-BCF0-E125B26DB409}.Release|x64.ActiveCfg = Release|x64
		{2ABA8BE9-6D19-459A-BCF0-E125B26DB409}.Release|x64.Build.0 = Release|x64
		{2ABA8BE9-6D19-459A-BCF0-E125B26DB409}.Release|x86.ActiveCfg = Release|Win32
		{2ABA8BE9-6D19-459A-BCF0-E125B26DB409}.Release|x86.Build.0 = Release|Win32
		{88CC4B2E-42E1-4D91-A08B-4A04D417803A}.Debug|x64.ActiveCfg = Debug|x64
		{88CC4B2E-42E1-4D91-A08B-4A04D417803A}.Debug|x64.Build.0 = Debug|x64
		{88CC4B2E-42E1-4D91-A08B-4A04D417803A}.Debug|x86.ActiveCfg = Debug|Win32
		{88CC4B2E-42E1-4D91-A08B-4A04D417803A}.Debug|x86.Build.0 = Debug|Win32
		{88CC4B2E-42E1-4D91-A08B-4A04D417803A}.Release|x64.ActiveCfg = Release|x64
		{88CC4B2E-42E1-4D91-A08B-4A04D417803A}.Release|x64.Build.0 = Release|x64
		{88CC4B2E-42E1-4D91-A08B-4A04D417803A}.Release|x86.ActiveCfg = Release|Win32
		{88CC4B2E-42E1-4D91-A08B-4A04D417803A}.Release|x86.Build.0 = Release|Win32
		{8EF377BB-EA52-412A-B1D6-CCAEA1118A6A}.Debug|x64.ActiveCfg = Debug|x64
		{8EF377BB-EA52-412A-B1D6-CCAEA1118A6A}.Debug|x64.Build.0 = Debug|x64
		{8EF377BB-EA52-412A-B1D6-CCAEA1118A6A}.Debug|x86.ActiveCfg = Debug|Win32
		{8EF377BB-EA52-412A-B1D6-CCAEA1118A6A}.Debug|x86.Build.0 = Debug|Win32
		{8EF377BB-EA52-412A-B1D6-CCAEA1118A6A}.Release|x64.ActiveCfg = Release|x64
		{8EF377BB-EA52-412A-B1D6-CCAEA1118A6A}.Release|x64.Build.0 = Release|x64
		{8EF377BB-EA52-412A-B1D6-CCAEA1118A6A}.Release|x86.ActiveCfg = Release|Win32
		{8EF377BB-EA52-412A-B1D6-CCAEA1118A6A}.Release|x86.Build.0 = Release|Win32
		{52B15CE0-D210-47F6-9FD2-F3BCCAE6650B}.Debug|x64.ActiveCfg = Debug|x64
		{52B15CE0-D210-47F6-9FD2-F3BCCAE6650B}.Debug|x64.Build.0 = Debug|x64
		{52B15CE0-D210-47F6-9FD2-F3BCCAE6650B}.Debug|x86.ActiveCfg = Debug|Win32
		{52B15CE0-D210-47F6-9FD2-F3BCCAE6650B}.Debug|x86.Build.0 = Debug|Win32
		{52B15CE0-D210-47F6-9FD2-F3BCCAE6650B}.Release|x64.ActiveCfg = Release|x64
		{52B15CE0-D210-47F6-9FD2-F3BCCAE6650B}.Release|x64.Build.0 = Release|x64
		{52B15CE0-D210-47F6-9FD2-F3BCCAE6650B}.Release|x86.ActiveCfg = Release|Win32
		{52B15CE0-D210-47F6-9FD2-F3BCCAE6650B}.Release|x86.Build.0 = Release|Win32
		{DFFD414B-CE9B-4D31-B306-172446EDB1B9}.Debug|x64.ActiveCfg = Debug|x64
		{DFFD414B-CE9B-4D31-B306-172446EDB1B9}.Debug|x64.Build.0 = Debug|x64
		{DFFD414B-CE9B-4D31-B306-172446EDB1B9}.Debug|x86.ActiveCfg = Debug|Win32
		{DFFD414B-CE9B-4D31-B306-172446EDB1B9}.Debug|x86.Build.0 = Debug|Win32
		{DFFD414B-CE9B-4D31-B306-172446EDB1B9}.Release|x64.ActiveCfg = Release|x64
		{DFFD414B-CE9B-4D31-B306-172446EDB1B9}.Release|x64.Build.0 = Release|x64
		{DFFD414B-CE9B-4D31-B306-172446EDB1B9}.Release|x86.ActiveCfg = Release|Win32
		{DFFD414B-CE9B-4D31-B306-172446EDB1B9}.Release|x86.Build.0 = Release|Win32
		{43C71BD2-B3CD-4AF3-83CD-7E51A889FF02}.Debug|x64.ActiveCfg = Debug|x64
		{43C71BD2-B3CD-4AF3-83CD-7E51A889FF02}.Debug|x64.Build.0 = Debug|x64
		{43C71BD2-B3CD-4AF3-83CD-7E51A889FF02}.Debug|x86.ActiveCfg = Debug|Win32
		{43C71BD2-B3CD-4AF3-83CD-7E51A889FF02}.Debug|x86.Build.0 = Debug|Win32
		{43C71BD2-B3CD-4AF3-83CD-7E51A889FF02}.Release|x64.ActiveCfg = Release|x64
		{43C71BD2-B3CD-4AF3-83CD-7E51A889FF02}.Release|x64.Build.0 = Release|x64
		{43C71BD2-B3CD-4AF3-83CD-7E51A889FF02}.Release|x86.ActiveCfg = Release|Win32
		{43C71BD2-B3CD-4AF3-83CD-7E51A889FF02}.Release|x86.Build.0 = Release|Win32
		{0C182308-A4B3-40A2-9E29-F4D1CEAFD60F}.Debug|x64.ActiveCfg = Debug|x64
		{0C182308-A4B3-40A2-9E29-F4D1CEAFD60F}.Debug|x64.Build.0 = Debug|x64
		{0C182308-A4B3-40A2-9E29-F4D1CEAFD60F}.Debug|x86.ActiveCfg = Debug|Win32
		{0C182308-A4B3-40A2-9E29-F4D1CEAFD60F}.Debug|x86.Build.0 = Debug|Win32
		{0C182308-A4B3-40A2-9E29-F4D1CEAFD60F}.Release|x64.ActiveCfg = Release|x64
		{0C182308-A4B3-40A2-9E29-F4D1CEAFD60F}.Release|x64.Build.0 = Release|x64
		{0C182308-A4B3-40A2-9E29-F4D1CEAFD60F}.Release|x86.ActiveCfg = Release|Win32
		{0C182308-A4B3-40A2-9E29-F4D1CEAFD60F}.Release|x86.Build.0 = Release|Win32
	EndGlobalSection
	GlobalSection(SolutionProperties) = preSolution
		HideSolutionNode = FALSE
	EndGlobalSection
	GlobalSection(ExtensibilityGlobals) = postSolution
		SolutionGuid = {2035B1AD-68E6-4452-85E0-3B2DBB524256}
	EndGlobalSection
EndGlobal
