
Microsoft Visual Studio Solution File, Format Version 12.00
# Visual Studio Version 17
VisualStudioVersion = 17.6.33829.357
MinimumVisualStudioVersion = 10.0.40219.1
Project("{8BC9CEB8-8B4A-11D0-8D11-00A0C91BC942}") = "Bai001", "Bai001\Bai001.vcxproj", "{BD4C2016-00BD-48E4-95B9-9CBC39A08F31}"
EndProject
Project("{8BC9CEB8-8B4A-11D0-8D11-00A0C91BC942}") = "Bai002", "Bai002\Bai002.vcxproj", "{BCF956C1-1A6A-4BCA-83C0-479633B38BB7}"
EndProject
Project("{8BC9CEB8-8B4A-11D0-8D11-00A0C91BC942}") = "Bai003", "Bai003\Bai003.vcxproj", "{101C189D-6438-4100-846F-4E4493D84847}"
EndProject
Project("{8BC9CEB8-8B4A-11D0-8D11-00A0C91BC942}") = "Bai004", "Bai004\Bai004.vcxproj", "{764560CC-E505-4112-AB80-E44676107CDD}"
EndProject
Project("{8BC9CEB8-8B4A-11D0-8D11-00A0C91BC942}") = "Bai005", "Bai005\Bai005.vcxproj", "{9D2FE2A3-78AA-4F5A-BE2F-ACC0AA6707C0}"
EndProject
Project("{8BC9CEB8-8B4A-11D0-8D11-00A0C91BC942}") = "Bai006", "Bai006\Bai006.vcxproj", "{9703034D-EE6F-4721-BFB0-A12FCEA8F623}"
EndProject
Project("{8BC9CEB8-8B4A-11D0-8D11-00A0C91BC942}") = "Bai007", "Bai007\Bai007.vcxproj", "{1D240C16-1ECA-4435-946A-732283623D22}"
EndProject
Project("{8BC9CEB8-8B4A-11D0-8D11-00A0C91BC942}") = "Bai008", "Bai008\Bai008.vcxproj", "{C3CE5365-4F32-4828-BF8C-2B3F837F1615}"
EndProject
Project("{8BC9CEB8-8B4A-11D0-8D11-00A0C91BC942}") = "Bai009", "Bai009\Bai009.vcxproj", "{DD5CD944-74D4-4054-9B06-117B80906C54}"
EndProject
Project("{8BC9CEB8-8B4A-11D0-8D11-00A0C91BC942}") = "Bai010", "Bai010\Bai010.vcxproj", "{1CC523C5-18FA-4813-91E2-C7F94192A34B}"
EndProject
Project("{8BC9CEB8-8B4A-11D0-8D11-00A0C91BC942}") = "Bai011", "Bai011\Bai011.vcxproj", "{AEFF5531-C0CD-4897-AF31-BDE264497B70}"
EndProject
Project("{8BC9CEB8-8B4A-11D0-8D11-00A0C91BC942}") = "Bai012", "Bai012\Bai012.vcxproj", "{014472DF-57B3-4541-8004-989FB3EC8837}"
EndProject
Project("{8BC9CEB8-8B4A-11D0-8D11-00A0C91BC942}") = "Bai013", "Bai013\Bai013.vcxproj", "{1E73F704-7FE9-4552-8B13-E857B0E1117A}"
EndProject
Project("{8BC9CEB8-8B4A-11D0-8D11-00A0C91BC942}") = "Bai014", "Bai014\Bai014.vcxproj", "{B7805B8D-DED5-48E8-B39B-9E3207145CFE}"
EndProject
Project("{8BC9CEB8-8B4A-11D0-8D11-00A0C91BC942}") = "Bai015", "Bai015\Bai015.vcxproj", "{42AECB0A-FE92-414F-B792-AC12DCEC157D}"
EndProject
Project("{8BC9CEB8-8B4A-11D0-8D11-00A0C91BC942}") = "Bai016", "Bai016\Bai016.vcxproj", "{CBE51BEF-1BA5-49C2-AAF4-2D01AA5EDE66}"
EndProject
Global
	GlobalSection(SolutionConfigurationPlatforms) = preSolution
		Debug|x64 = Debug|x64
		Debug|x86 = Debug|x86
		Release|x64 = Release|x64
		Release|x86 = Release|x86
	EndGlobalSection
	GlobalSection(ProjectConfigurationPlatforms) = postSolution
		{BD4C2016-00BD-48E4-95B9-9CBC39A08F31}.Debug|x64.ActiveCfg = Debug|x64
		{BD4C2016-00BD-48E4-95B9-9CBC39A08F31}.Debug|x64.Build.0 = Debug|x64
		{BD4C2016-00BD-48E4-95B9-9CBC39A08F31}.Debug|x86.ActiveCfg = Debug|Win32
		{BD4C2016-00BD-48E4-95B9-9CBC39A08F31}.Debug|x86.Build.0 = Debug|Win32
		{BD4C2016-00BD-48E4-95B9-9CBC39A08F31}.Release|x64.ActiveCfg = Release|x64
		{BD4C2016-00BD-48E4-95B9-9CBC39A08F31}.Release|x64.Build.0 = Release|x64
		{BD4C2016-00BD-48E4-95B9-9CBC39A08F31}.Release|x86.ActiveCfg = Release|Win32
		{BD4C2016-00BD-48E4-95B9-9CBC39A08F31}.Release|x86.Build.0 = Release|Win32
		{BCF956C1-1A6A-4BCA-83C0-479633B38BB7}.Debug|x64.ActiveCfg = Debug|x64
		{BCF956C1-1A6A-4BCA-83C0-479633B38BB7}.Debug|x64.Build.0 = Debug|x64
		{BCF956C1-1A6A-4BCA-83C0-479633B38BB7}.Debug|x86.ActiveCfg = Debug|Win32
		{BCF956C1-1A6A-4BCA-83C0-479633B38BB7}.Debug|x86.Build.0 = Debug|Win32
		{BCF956C1-1A6A-4BCA-83C0-479633B38BB7}.Release|x64.ActiveCfg = Release|x64
		{BCF956C1-1A6A-4BCA-83C0-479633B38BB7}.Release|x64.Build.0 = Release|x64
		{BCF956C1-1A6A-4BCA-83C0-479633B38BB7}.Release|x86.ActiveCfg = Release|Win32
		{BCF956C1-1A6A-4BCA-83C0-479633B38BB7}.Release|x86.Build.0 = Release|Win32
		{101C189D-6438-4100-846F-4E4493D84847}.Debug|x64.ActiveCfg = Debug|x64
		{101C189D-6438-4100-846F-4E4493D84847}.Debug|x64.Build.0 = Debug|x64
		{101C189D-6438-4100-846F-4E4493D84847}.Debug|x86.ActiveCfg = Debug|Win32
		{101C189D-6438-4100-846F-4E4493D84847}.Debug|x86.Build.0 = Debug|Win32
		{101C189D-6438-4100-846F-4E4493D84847}.Release|x64.ActiveCfg = Release|x64
		{101C189D-6438-4100-846F-4E4493D84847}.Release|x64.Build.0 = Release|x64
		{101C189D-6438-4100-846F-4E4493D84847}.Release|x86.ActiveCfg = Release|Win32
		{101C189D-6438-4100-846F-4E4493D84847}.Release|x86.Build.0 = Release|Win32
		{764560CC-E505-4112-AB80-E44676107CDD}.Debug|x64.ActiveCfg = Debug|x64
		{764560CC-E505-4112-AB80-E44676107CDD}.Debug|x64.Build.0 = Debug|x64
		{764560CC-E505-4112-AB80-E44676107CDD}.Debug|x86.ActiveCfg = Debug|Win32
		{764560CC-E505-4112-AB80-E44676107CDD}.Debug|x86.Build.0 = Debug|Win32
		{764560CC-E505-4112-AB80-E44676107CDD}.Release|x64.ActiveCfg = Release|x64
		{764560CC-E505-4112-AB80-E44676107CDD}.Release|x64.Build.0 = Release|x64
		{764560CC-E505-4112-AB80-E44676107CDD}.Release|x86.ActiveCfg = Release|Win32
		{764560CC-E505-4112-AB80-E44676107CDD}.Release|x86.Build.0 = Release|Win32
		{9D2FE2A3-78AA-4F5A-BE2F-ACC0AA6707C0}.Debug|x64.ActiveCfg = Debug|x64
		{9D2FE2A3-78AA-4F5A-BE2F-ACC0AA6707C0}.Debug|x64.Build.0 = Debug|x64
		{9D2FE2A3-78AA-4F5A-BE2F-ACC0AA6707C0}.Debug|x86.ActiveCfg = Debug|Win32
		{9D2FE2A3-78AA-4F5A-BE2F-ACC0AA6707C0}.Debug|x86.Build.0 = Debug|Win32
		{9D2FE2A3-78AA-4F5A-BE2F-ACC0AA6707C0}.Release|x64.ActiveCfg = Release|x64
		{9D2FE2A3-78AA-4F5A-BE2F-ACC0AA6707C0}.Release|x64.Build.0 = Release|x64
		{9D2FE2A3-78AA-4F5A-BE2F-ACC0AA6707C0}.Release|x86.ActiveCfg = Release|Win32
		{9D2FE2A3-78AA-4F5A-BE2F-ACC0AA6707C0}.Release|x86.Build.0 = Release|Win32
		{9703034D-EE6F-4721-BFB0-A12FCEA8F623}.Debug|x64.ActiveCfg = Debug|x64
		{9703034D-EE6F-4721-BFB0-A12FCEA8F623}.Debug|x64.Build.0 = Debug|x64
		{9703034D-EE6F-4721-BFB0-A12FCEA8F623}.Debug|x86.ActiveCfg = Debug|Win32
		{9703034D-EE6F-4721-BFB0-A12FCEA8F623}.Debug|x86.Build.0 = Debug|Win32
		{9703034D-EE6F-4721-BFB0-A12FCEA8F623}.Release|x64.ActiveCfg = Release|x64
		{9703034D-EE6F-4721-BFB0-A12FCEA8F623}.Release|x64.Build.0 = Release|x64
		{9703034D-EE6F-4721-BFB0-A12FCEA8F623}.Release|x86.ActiveCfg = Release|Win32
		{9703034D-EE6F-4721-BFB0-A12FCEA8F623}.Release|x86.Build.0 = Release|Win32
		{1D240C16-1ECA-4435-946A-732283623D22}.Debug|x64.ActiveCfg = Debug|x64
		{1D240C16-1ECA-4435-946A-732283623D22}.Debug|x64.Build.0 = Debug|x64
		{1D240C16-1ECA-4435-946A-732283623D22}.Debug|x86.ActiveCfg = Debug|Win32
		{1D240C16-1ECA-4435-946A-732283623D22}.Debug|x86.Build.0 = Debug|Win32
		{1D240C16-1ECA-4435-946A-732283623D22}.Release|x64.ActiveCfg = Release|x64
		{1D240C16-1ECA-4435-946A-732283623D22}.Release|x64.Build.0 = Release|x64
		{1D240C16-1ECA-4435-946A-732283623D22}.Release|x86.ActiveCfg = Release|Win32
		{1D240C16-1ECA-4435-946A-732283623D22}.Release|x86.Build.0 = Release|Win32
		{C3CE5365-4F32-4828-BF8C-2B3F837F1615}.Debug|x64.ActiveCfg = Debug|x64
		{C3CE5365-4F32-4828-BF8C-2B3F837F1615}.Debug|x64.Build.0 = Debug|x64
		{C3CE5365-4F32-4828-BF8C-2B3F837F1615}.Debug|x86.ActiveCfg = Debug|Win32
		{C3CE5365-4F32-4828-BF8C-2B3F837F1615}.Debug|x86.Build.0 = Debug|Win32
		{C3CE5365-4F32-4828-BF8C-2B3F837F1615}.Release|x64.ActiveCfg = Release|x64
		{C3CE5365-4F32-4828-BF8C-2B3F837F1615}.Release|x64.Build.0 = Release|x64
		{C3CE5365-4F32-4828-BF8C-2B3F837F1615}.Release|x86.ActiveCfg = Release|Win32
		{C3CE5365-4F32-4828-BF8C-2B3F837F1615}.Release|x86.Build.0 = Release|Win32
		{DD5CD944-74D4-4054-9B06-117B80906C54}.Debug|x64.ActiveCfg = Debug|x64
		{DD5CD944-74D4-4054-9B06-117B80906C54}.Debug|x64.Build.0 = Debug|x64
		{DD5CD944-74D4-4054-9B06-117B80906C54}.Debug|x86.ActiveCfg = Debug|Win32
		{DD5CD944-74D4-4054-9B06-117B80906C54}.Debug|x86.Build.0 = Debug|Win32
		{DD5CD944-74D4-4054-9B06-117B80906C54}.Release|x64.ActiveCfg = Release|x64
		{DD5CD944-74D4-4054-9B06-117B80906C54}.Release|x64.Build.0 = Release|x64
		{DD5CD944-74D4-4054-9B06-117B80906C54}.Release|x86.ActiveCfg = Release|Win32
		{DD5CD944-74D4-4054-9B06-117B80906C54}.Release|x86.Build.0 = Release|Win32
		{1CC523C5-18FA-4813-91E2-C7F94192A34B}.Debug|x64.ActiveCfg = Debug|x64
		{1CC523C5-18FA-4813-91E2-C7F94192A34B}.Debug|x64.Build.0 = Debug|x64
		{1CC523C5-18FA-4813-91E2-C7F94192A34B}.Debug|x86.ActiveCfg = Debug|Win32
		{1CC523C5-18FA-4813-91E2-C7F94192A34B}.Debug|x86.Build.0 = Debug|Win32
		{1CC523C5-18FA-4813-91E2-C7F94192A34B}.Release|x64.ActiveCfg = Release|x64
		{1CC523C5-18FA-4813-91E2-C7F94192A34B}.Release|x64.Build.0 = Release|x64
		{1CC523C5-18FA-4813-91E2-C7F94192A34B}.Release|x86.ActiveCfg = Release|Win32
		{1CC523C5-18FA-4813-91E2-C7F94192A34B}.Release|x86.Build.0 = Release|Win32
		{AEFF5531-C0CD-4897-AF31-BDE264497B70}.Debug|x64.ActiveCfg = Debug|x64
		{AEFF5531-C0CD-4897-AF31-BDE264497B70}.Debug|x64.Build.0 = Debug|x64
		{AEFF5531-C0CD-4897-AF31-BDE264497B70}.Debug|x86.ActiveCfg = Debug|Win32
		{AEFF5531-C0CD-4897-AF31-BDE264497B70}.Debug|x86.Build.0 = Debug|Win32
		{AEFF5531-C0CD-4897-AF31-BDE264497B70}.Release|x64.ActiveCfg = Release|x64
		{AEFF5531-C0CD-4897-AF31-BDE264497B70}.Release|x64.Build.0 = Release|x64
		{AEFF5531-C0CD-4897-AF31-BDE264497B70}.Release|x86.ActiveCfg = Release|Win32
		{AEFF5531-C0CD-4897-AF31-BDE264497B70}.Release|x86.Build.0 = Release|Win32
		{014472DF-57B3-4541-8004-989FB3EC8837}.Debug|x64.ActiveCfg = Debug|x64
		{014472DF-57B3-4541-8004-989FB3EC8837}.Debug|x64.Build.0 = Debug|x64
		{014472DF-57B3-4541-8004-989FB3EC8837}.Debug|x86.ActiveCfg = Debug|Win32
		{014472DF-57B3-4541-8004-989FB3EC8837}.Debug|x86.Build.0 = Debug|Win32
		{014472DF-57B3-4541-8004-989FB3EC8837}.Release|x64.ActiveCfg = Release|x64
		{014472DF-57B3-4541-8004-989FB3EC8837}.Release|x64.Build.0 = Release|x64
		{014472DF-57B3-4541-8004-989FB3EC8837}.Release|x86.ActiveCfg = Release|Win32
		{014472DF-57B3-4541-8004-989FB3EC8837}.Release|x86.Build.0 = Release|Win32
		{1E73F704-7FE9-4552-8B13-E857B0E1117A}.Debug|x64.ActiveCfg = Debug|x64
		{1E73F704-7FE9-4552-8B13-E857B0E1117A}.Debug|x64.Build.0 = Debug|x64
		{1E73F704-7FE9-4552-8B13-E857B0E1117A}.Debug|x86.ActiveCfg = Debug|Win32
		{1E73F704-7FE9-4552-8B13-E857B0E1117A}.Debug|x86.Build.0 = Debug|Win32
		{1E73F704-7FE9-4552-8B13-E857B0E1117A}.Release|x64.ActiveCfg = Release|x64
		{1E73F704-7FE9-4552-8B13-E857B0E1117A}.Release|x64.Build.0 = Release|x64
		{1E73F704-7FE9-4552-8B13-E857B0E1117A}.Release|x86.ActiveCfg = Release|Win32
		{1E73F704-7FE9-4552-8B13-E857B0E1117A}.Release|x86.Build.0 = Release|Win32
		{B7805B8D-DED5-48E8-B39B-9E3207145CFE}.Debug|x64.ActiveCfg = Debug|x64
		{B7805B8D-DED5-48E8-B39B-9E3207145CFE}.Debug|x64.Build.0 = Debug|x64
		{B7805B8D-DED5-48E8-B39B-9E3207145CFE}.Debug|x86.ActiveCfg = Debug|Win32
		{B7805B8D-DED5-48E8-B39B-9E3207145CFE}.Debug|x86.Build.0 = Debug|Win32
		{B7805B8D-DED5-48E8-B39B-9E3207145CFE}.Release|x64.ActiveCfg = Release|x64
		{B7805B8D-DED5-48E8-B39B-9E3207145CFE}.Release|x64.Build.0 = Release|x64
		{B7805B8D-DED5-48E8-B39B-9E3207145CFE}.Release|x86.ActiveCfg = Release|Win32
		{B7805B8D-DED5-48E8-B39B-9E3207145CFE}.Release|x86.Build.0 = Release|Win32
		{42AECB0A-FE92-414F-B792-AC12DCEC157D}.Debug|x64.ActiveCfg = Debug|x64
		{42AECB0A-FE92-414F-B792-AC12DCEC157D}.Debug|x64.Build.0 = Debug|x64
		{42AECB0A-FE92-414F-B792-AC12DCEC157D}.Debug|x86.ActiveCfg = Debug|Win32
		{42AECB0A-FE92-414F-B792-AC12DCEC157D}.Debug|x86.Build.0 = Debug|Win32
		{42AECB0A-FE92-414F-B792-AC12DCEC157D}.Release|x64.ActiveCfg = Release|x64
		{42AECB0A-FE92-414F-B792-AC12DCEC157D}.Release|x64.Build.0 = Release|x64
		{42AECB0A-FE92-414F-B792-AC12DCEC157D}.Release|x86.ActiveCfg = Release|Win32
		{42AECB0A-FE92-414F-B792-AC12DCEC157D}.Release|x86.Build.0 = Release|Win32
		{CBE51BEF-1BA5-49C2-AAF4-2D01AA5EDE66}.Debug|x64.ActiveCfg = Debug|x64
		{CBE51BEF-1BA5-49C2-AAF4-2D01AA5EDE66}.Debug|x64.Build.0 = Debug|x64
		{CBE51BEF-1BA5-49C2-AAF4-2D01AA5EDE66}.Debug|x86.ActiveCfg = Debug|Win32
		{CBE51BEF-1BA5-49C2-AAF4-2D01AA5EDE66}.Debug|x86.Build.0 = Debug|Win32
		{CBE51BEF-1BA5-49C2-AAF4-2D01AA5EDE66}.Release|x64.ActiveCfg = Release|x64
		{CBE51BEF-1BA5-49C2-AAF4-2D01AA5EDE66}.Release|x64.Build.0 = Release|x64
		{CBE51BEF-1BA5-49C2-AAF4-2D01AA5EDE66}.Release|x86.ActiveCfg = Release|Win32
		{CBE51BEF-1BA5-49C2-AAF4-2D01AA5EDE66}.Release|x86.Build.0 = Release|Win32
	EndGlobalSection
	GlobalSection(SolutionProperties) = preSolution
		HideSolutionNode = FALSE
	EndGlobalSection
	GlobalSection(ExtensibilityGlobals) = postSolution
		SolutionGuid = {2035B1AD-68E6-4452-85E0-3B2DBB524256}
	EndGlobalSection
EndGlobal
